// !$*UTF8*$!
{
	archiveVersion = 1;
	classes = {
	};
	objectVersion = 77;
	objects = {

/* Begin PBXBuildFile section */
		15109F8D2EFD62510068DFE3 /* AppRouter.swift in Sources */ = {isa = PBXBuildFile; fileRef = 15109F8C2EFD62510068DFE3 /* AppRouter.swift */; };
		15109F9A2EFD82B90068DFE3 /* PlaceDetailsSheet.swift in Sources */ = {isa = PBXBuildFile; fileRef = 15109F992EFD82B90068DFE3 /* PlaceDetailsSheet.swift */; };
		151BD9E22EE521030065F10C /* AppLanguage.swift in Sources */ = {isa = PBXBuildFile; fileRef = 151BD9E12EE521030065F10C /* AppLanguage.swift */; };
		151BD9E42EE5223D0065F10C /* LanguageManager.swift in Sources */ = {isa = PBXBuildFile; fileRef = 151BD9E32EE5223D0065F10C /* LanguageManager.swift */; };
		151BD9E62EE522760065F10C /* LanguageSelectionView.swift in Sources */ = {isa = PBXBuildFile; fileRef = 151BD9E52EE522760065F10C /* LanguageSelectionView.swift */; };
		151BD9EA2EE528050065F10C /* AdsHomeScreen.swift in Sources */ = {isa = PBXBuildFile; fileRef = 151BD9E92EE528050065F10C /* AdsHomeScreen.swift */; };
		151BD9ED2EE596EC0065F10C /* AdsHomeView.swift in Sources */ = {isa = PBXBuildFile; fileRef = 151BD9EC2EE596EC0065F10C /* AdsHomeView.swift */; };
		151BD9EF2EE597260065F10C /* SelectAdPlanView.swift in Sources */ = {isa = PBXBuildFile; fileRef = 151BD9EE2EE597260065F10C /* SelectAdPlanView.swift */; };
		151BD9F12EE597570065F10C /* FreeAdFormView.swift in Sources */ = {isa = PBXBuildFile; fileRef = 151BD9F02EE597570065F10C /* FreeAdFormView.swift */; };
		151BD9F32EE597800065F10C /* MyAdsView.swift in Sources */ = {isa = PBXBuildFile; fileRef = 151BD9F22EE597800065F10C /* MyAdsView.swift */; };
		15683DDF2EE701270011A09F /* JobAdComposerViewswift.swift in Sources */ = {isa = PBXBuildFile; fileRef = 15683DDE2EE701270011A09F /* JobAdComposerViewswift.swift */; };
		156A32352F00940E00819D25 /* CommunityStubScreens.swif in Resources */ = {isa = PBXBuildFile; fileRef = 156A322D2F00940E00819D25 /* CommunityStubScreens.swif */; };
		156A32362F00940E00819D25 /* CommunityHubScreen.swift in Sources */ = {isa = PBXBuildFile; fileRef = 156A322C2F00940E00819D25 /* CommunityHubScreen.swift */; };
		156A32422F00940E00819D25 /* AddPlaceCategory.swift in Sources */ = {isa = PBXBuildFile; fileRef = 156A323D2F00940E00819D25 /* AddPlaceCategory.swift */; };
		1578D8862EE33C8C0053A7CE /* JobAdsScreen.swift in Sources */ = {isa = PBXBuildFile; fileRef = 1578D8852EE33C8C0053A7CE /* JobAdsScreen.swift */; };
		15A0D7882EE05AF00063ED79 /* MapScreen.swift in Sources */ = {isa = PBXBuildFile; fileRef = 15A0D7872EE05AF00063ED79 /* MapScreen.swift */; };
		15A0D7922EE05E4C0063ED79 /* PrayerTime.swift in Sources */ = {isa = PBXBuildFile; fileRef = 15A0D7912EE05E4C0063ED79 /* PrayerTime.swift */; };
		15A0D79A2EE0605D0063ED79 /* PlaceRowView.swift in Sources */ = {isa = PBXBuildFile; fileRef = 15A0D7992EE0605D0063ED79 /* PlaceRowView.swift */; };
		15A0D79C2EE060900063ED79 /* PlaceDetailView.swift in Sources */ = {isa = PBXBuildFile; fileRef = 15A0D79B2EE060900063ED79 /* PlaceDetailView.swift */; };
		15A0D79E2EE0626B0063ED79 /* AddStoreScreen.swift in Sources */ = {isa = PBXBuildFile; fileRef = 15A0D79D2EE0626B0063ED79 /* AddStoreScreen.swift */; };
		15A0D7A02EE068740063ED79 /* BannerAd.swift in Sources */ = {isa = PBXBuildFile; fileRef = 15A0D79F2EE068740063ED79 /* BannerAd.swift */; };
		15A0D7A22EE07FE90063ED79 /* samplePlaces.swift in Sources */ = {isa = PBXBuildFile; fileRef = 15A0D7A12EE07FE90063ED79 /* samplePlaces.swift */; };
		15A0D7A42EE0BBD90063ED79 /* GoogleService-Info.plist in Resources */ = {isa = PBXBuildFile; fileRef = 15A0D7A32EE0BBD90063ED79 /* GoogleService-Info.plist */; };
		15B3D4A72EFDAB6600704BB6 /* FaithToolsScreen.swift in Sources */ = {isa = PBXBuildFile; fileRef = 15B3D49F2EFDAB6600704BB6 /* FaithToolsScreen.swift */; };
		15B3D4BB2EFDAF6C00704BB6 /* PrayerTimesViewModel.swift in Sources */ = {isa = PBXBuildFile; fileRef = 15B3D4BA2EFDAF6C00704BB6 /* PrayerTimesViewModel.swift */; };
		15B3D4BD2EFDB3DE00704BB6 /* AdhanReminderSettings.swift in Sources */ = {isa = PBXBuildFile; fileRef = 15B3D4BC2EFDB3DE00704BB6 /* AdhanReminderSettings.swift */; };
		15B3D4BF2EFDB40400704BB6 /* AdhanNotificationManager.swift in Sources */ = {isa = PBXBuildFile; fileRef = 15B3D4BE2EFDB40400704BB6 /* AdhanNotificationManager.swift */; };
		15B3D4C12EFDB6F800704BB6 /* RamadanImsakiyahViewModel.swift in Sources */ = {isa = PBXBuildFile; fileRef = 15B3D4C02EFDB6F800704BB6 /* RamadanImsakiyahViewModel.swift */; };
		15B3D4C32EFDB7B900704BB6 /* FaithPlaceholders.swift in Sources */ = {isa = PBXBuildFile; fileRef = 15B3D4C22EFDB7B900704BB6 /* FaithPlaceholders.swift */; };
		15B3D4C52EFDB94500704BB6 /* QiblaCompassViewModel.swift in Sources */ = {isa = PBXBuildFile; fileRef = 15B3D4C42EFDB94500704BB6 /* QiblaCompassViewModel.swift */; };
		15B3D4C72EFDBBF200704BB6 /* AdhanSettingsSheet.swift in Sources */ = {isa = PBXBuildFile; fileRef = 15B3D4C62EFDBBF200704BB6 /* AdhanSettingsSheet.swift */; };
		15B48CDC2EE1A70C00A88AB7 /* AddStoreViewModel.swift in Sources */ = {isa = PBXBuildFile; fileRef = 15B48CDB2EE1A70C00A88AB7 /* AddStoreViewModel.swift */; };
		15B48CDF2EE1B2A600A88AB7 /* FirebaseAnalytics in Frameworks */ = {isa = PBXBuildFile; productRef = 15B48CDE2EE1B2A600A88AB7 /* FirebaseAnalytics */; };
		15B48CE12EE1B2A600A88AB7 /* FirebaseAnalyticsCore in Frameworks */ = {isa = PBXBuildFile; productRef = 15B48CE02EE1B2A600A88AB7 /* FirebaseAnalyticsCore */; };
		15B48CE32EE1B2A600A88AB7 /* FirebaseAuth in Frameworks */ = {isa = PBXBuildFile; productRef = 15B48CE22EE1B2A600A88AB7 /* FirebaseAuth */; };
		15B48CE52EE1B2A600A88AB7 /* FirebaseCore in Frameworks */ = {isa = PBXBuildFile; productRef = 15B48CE42EE1B2A600A88AB7 /* FirebaseCore */; };
		15B48CE72EE1B2A600A88AB7 /* FirebaseCrashlytics in Frameworks */ = {isa = PBXBuildFile; productRef = 15B48CE62EE1B2A600A88AB7 /* FirebaseCrashlytics */; };
		15B48CE92EE1B2A600A88AB7 /* FirebaseFirestore in Frameworks */ = {isa = PBXBuildFile; productRef = 15B48CE82EE1B2A600A88AB7 /* FirebaseFirestore */; };
		15B48CEB2EE1B2A600A88AB7 /* FirebaseMessaging in Frameworks */ = {isa = PBXBuildFile; productRef = 15B48CEA2EE1B2A600A88AB7 /* FirebaseMessaging */; };
		15B48CED2EE1B2A600A88AB7 /* FirebaseStorage in Frameworks */ = {isa = PBXBuildFile; productRef = 15B48CEC2EE1B2A600A88AB7 /* FirebaseStorage */; };
		15B48CF32EE1E50300A88AB7 /* GooglePlacesModelsswift.swift in Sources */ = {isa = PBXBuildFile; fileRef = 15B48CF22EE1E50300A88AB7 /* GooglePlacesModelsswift.swift */; };
		15C0B4BB2EFC8F8600532F0F /* FiLocationManagerle.swift in Sources */ = {isa = PBXBuildFile; fileRef = 15C0B4BA2EFC8F8600532F0F /* FiLocationManagerle.swift */; };
		15C0B4BD2EFC8FC200532F0F /* LocationPermissionView.swift in Sources */ = {isa = PBXBuildFile; fileRef = 15C0B4BC2EFC8FC200532F0F /* LocationPermissionView.swift */; };
		15C0B4C02EFCA2FC00532F0F /* AppLocationManager .swift in Sources */ = {isa = PBXBuildFile; fileRef = 15C0B4BF2EFCA2FC00532F0F /* AppLocationManager .swift */; };
		15CEB1F62EE78A810035A83D /* EventAdsService.swift in Sources */ = {isa = PBXBuildFile; fileRef = 15CEB1F52EE78A810035A83D /* EventAdsService.swift */; };
		15CEB1F82EE78AB00035A83D /* EventAdComposerView.swift in Sources */ = {isa = PBXBuildFile; fileRef = 15CEB1F72EE78AB00035A83D /* EventAdComposerView.swift */; };
		15CEB2042EE7C5DF0035A83D /* NoticeBoardViews.swift in Sources */ = {isa = PBXBuildFile; fileRef = 15CEB2032EE7C5DF0035A83D /* NoticeBoardViews.swift */; };
		15CEB20A2EE7CC780035A83D /* EventAdsBoardView.swift in Sources */ = {isa = PBXBuildFile; fileRef = 15CEB2092EE7CC780035A83D /* EventAdsBoardView.swift */; };
		15E162482EE0D50500A5C42C /* GooglePlacesService.swift in Sources */ = {isa = PBXBuildFile; fileRef = 15E162472EE0D50500A5C42C /* GooglePlacesService.swift */; };
		15E1624A2EE0D5D600A5C42C /* MapScreenViewModel.swift in Sources */ = {isa = PBXBuildFile; fileRef = 15E162492EE0D5D600A5C42C /* MapScreenViewModel.swift */; };
		15E1626F2EE121DC00A5C42C /* Place.swift in Sources */ = {isa = PBXBuildFile; fileRef = 15E1626E2EE121DC00A5C42C /* Place.swift */; };
/* End PBXBuildFile section */

/* Begin PBXFileReference section */
		15109F8C2EFD62510068DFE3 /* AppRouter.swift */ = {isa = PBXFileReference; lastKnownFileType = sourcecode.swift; path = AppRouter.swift; sourceTree = "<group>"; };
		15109F992EFD82B90068DFE3 /* PlaceDetailsSheet.swift */ = {isa = PBXFileReference; lastKnownFileType = sourcecode.swift; path = PlaceDetailsSheet.swift; sourceTree = SOURCE_ROOT; };
		151BD9E12EE521030065F10C /* AppLanguage.swift */ = {isa = PBXFileReference; lastKnownFileType = sourcecode.swift; name = AppLanguage.swift; path = views/AppLanguage.swift; sourceTree = SOURCE_ROOT; };
		151BD9E32EE5223D0065F10C /* LanguageManager.swift */ = {isa = PBXFileReference; lastKnownFileType = sourcecode.swift; path = LanguageManager.swift; sourceTree = "<group>"; };
		151BD9E52EE522760065F10C /* LanguageSelectionView.swift */ = {isa = PBXFileReference; lastKnownFileType = sourcecode.swift; path = LanguageSelectionView.swift; sourceTree = "<group>"; };
		151BD9E92EE528050065F10C /* AdsHomeScreen.swift */ = {isa = PBXFileReference; lastKnownFileType = sourcecode.swift; path = AdsHomeScreen.swift; sourceTree = "<group>"; };
		151BD9EC2EE596EC0065F10C /* AdsHomeView.swift */ = {isa = PBXFileReference; lastKnownFileType = sourcecode.swift; path = AdsHomeView.swift; sourceTree = "<group>"; };
		151BD9EE2EE597260065F10C /* SelectAdPlanView.swift */ = {isa = PBXFileReference; lastKnownFileType = sourcecode.swift; path = SelectAdPlanView.swift; sourceTree = "<group>"; };
		151BD9F02EE597570065F10C /* FreeAdFormView.swift */ = {isa = PBXFileReference; lastKnownFileType = sourcecode.swift; path = FreeAdFormView.swift; sourceTree = "<group>"; };
		151BD9F22EE597800065F10C /* MyAdsView.swift */ = {isa = PBXFileReference; lastKnownFileType = sourcecode.swift; path = MyAdsView.swift; sourceTree = "<group>"; };
		15683DDE2EE701270011A09F /* JobAdComposerViewswift.swift */ = {isa = PBXFileReference; lastKnownFileType = sourcecode.swift; path = JobAdComposerViewswift.swift; sourceTree = "<group>"; };
		156A322C2F00940E00819D25 /* CommunityHubScreen.swift */ = {isa = PBXFileReference; lastKnownFileType = sourcecode.swift; path = CommunityHubScreen.swift; sourceTree = "<group>"; };
		156A322D2F00940E00819D25 /* CommunityStubScreens.swif */ = {isa = PBXFileReference; lastKnownFileType = text; path = CommunityStubScreens.swif; sourceTree = "<group>"; };
		156A323D2F00940E00819D25 /* AddPlaceCategory.swift */ = {isa = PBXFileReference; lastKnownFileType = sourcecode.swift; path = AddPlaceCategory.swift; sourceTree = "<group>"; };
		1578D8852EE33C8C0053A7CE /* JobAdsScreen.swift */ = {isa = PBXFileReference; lastKnownFileType = sourcecode.swift; path = JobAdsScreen.swift; sourceTree = "<group>"; };
		15A0D7732EE055040063ED79 /* HalalMapPrime.app */ = {isa = PBXFileReference; explicitFileType = wrapper.application; includeInIndex = 0; path = HalalMapPrime.app; sourceTree = BUILT_PRODUCTS_DIR; };
		15A0D7872EE05AF00063ED79 /* MapScreen.swift */ = {isa = PBXFileReference; lastKnownFileType = sourcecode.swift; path = MapScreen.swift; sourceTree = "<group>"; };
		15A0D7912EE05E4C0063ED79 /* PrayerTime.swift */ = {isa = PBXFileReference; lastKnownFileType = sourcecode.swift; path = PrayerTime.swift; sourceTree = "<group>"; };
		15A0D7992EE0605D0063ED79 /* PlaceRowView.swift */ = {isa = PBXFileReference; lastKnownFileType = sourcecode.swift; path = PlaceRowView.swift; sourceTree = "<group>"; };
		15A0D79B2EE060900063ED79 /* PlaceDetailView.swift */ = {isa = PBXFileReference; lastKnownFileType = sourcecode.swift; path = PlaceDetailView.swift; sourceTree = "<group>"; };
		15A0D79D2EE0626B0063ED79 /* AddStoreScreen.swift */ = {isa = PBXFileReference; lastKnownFileType = sourcecode.swift; path = AddStoreScreen.swift; sourceTree = "<group>"; };
		15A0D79F2EE068740063ED79 /* BannerAd.swift */ = {isa = PBXFileReference; lastKnownFileType = sourcecode.swift; path = BannerAd.swift; sourceTree = "<group>"; };
		15A0D7A12EE07FE90063ED79 /* samplePlaces.swift */ = {isa = PBXFileReference; lastKnownFileType = sourcecode.swift; path = samplePlaces.swift; sourceTree = "<group>"; };
		15A0D7A32EE0BBD90063ED79 /* GoogleService-Info.plist */ = {isa = PBXFileReference; lastKnownFileType = text.plist.xml; path = "GoogleService-Info.plist"; sourceTree = "<group>"; };
		15B3D49F2EFDAB6600704BB6 /* FaithToolsScreen.swift */ = {isa = PBXFileReference; lastKnownFileType = sourcecode.swift; path = FaithToolsScreen.swift; sourceTree = "<group>"; };
		15B3D4BA2EFDAF6C00704BB6 /* PrayerTimesViewModel.swift */ = {isa = PBXFileReference; lastKnownFileType = sourcecode.swift; path = PrayerTimesViewModel.swift; sourceTree = "<group>"; };
		15B3D4BC2EFDB3DE00704BB6 /* AdhanReminderSettings.swift */ = {isa = PBXFileReference; lastKnownFileType = sourcecode.swift; path = AdhanReminderSettings.swift; sourceTree = "<group>"; };
		15B3D4BE2EFDB40400704BB6 /* AdhanNotificationManager.swift */ = {isa = PBXFileReference; lastKnownFileType = sourcecode.swift; path = AdhanNotificationManager.swift; sourceTree = "<group>"; };
		15B3D4C02EFDB6F800704BB6 /* RamadanImsakiyahViewModel.swift */ = {isa = PBXFileReference; lastKnownFileType = sourcecode.swift; path = RamadanImsakiyahViewModel.swift; sourceTree = "<group>"; };
		15B3D4C22EFDB7B900704BB6 /* FaithPlaceholders.swift */ = {isa = PBXFileReference; lastKnownFileType = sourcecode.swift; path = FaithPlaceholders.swift; sourceTree = "<group>"; };
		15B3D4C42EFDB94500704BB6 /* QiblaCompassViewModel.swift */ = {isa = PBXFileReference; lastKnownFileType = sourcecode.swift; path = QiblaCompassViewModel.swift; sourceTree = "<group>"; };
		15B3D4C62EFDBBF200704BB6 /* AdhanSettingsSheet.swift */ = {isa = PBXFileReference; lastKnownFileType = sourcecode.swift; path = AdhanSettingsSheet.swift; sourceTree = "<group>"; };
		15B48CDB2EE1A70C00A88AB7 /* AddStoreViewModel.swift */ = {isa = PBXFileReference; lastKnownFileType = sourcecode.swift; path = AddStoreViewModel.swift; sourceTree = "<group>"; };
		15B48CF22EE1E50300A88AB7 /* GooglePlacesModelsswift.swift */ = {isa = PBXFileReference; lastKnownFileType = sourcecode.swift; path = GooglePlacesModelsswift.swift; sourceTree = SOURCE_ROOT; };
		15C0B4BA2EFC8F8600532F0F /* FiLocationManagerle.swift */ = {isa = PBXFileReference; lastKnownFileType = sourcecode.swift; path = FiLocationManagerle.swift; sourceTree = SOURCE_ROOT; };
		15C0B4BC2EFC8FC200532F0F /* LocationPermissionView.swift */ = {isa = PBXFileReference; lastKnownFileType = sourcecode.swift; path = LocationPermissionView.swift; sourceTree = SOURCE_ROOT; };
		15C0B4BF2EFCA2FC00532F0F /* AppLocationManager .swift */ = {isa = PBXFileReference; lastKnownFileType = sourcecode.swift; path = "AppLocationManager .swift"; sourceTree = "<group>"; };
		15CEB1F52EE78A810035A83D /* EventAdsService.swift */ = {isa = PBXFileReference; lastKnownFileType = sourcecode.swift; path = EventAdsService.swift; sourceTree = "<group>"; };
		15CEB1F72EE78AB00035A83D /* EventAdComposerView.swift */ = {isa = PBXFileReference; lastKnownFileType = sourcecode.swift; path = EventAdComposerView.swift; sourceTree = "<group>"; };
		15CEB2032EE7C5DF0035A83D /* NoticeBoardViews.swift */ = {isa = PBXFileReference; lastKnownFileType = sourcecode.swift; path = NoticeBoardViews.swift; sourceTree = "<group>"; };
		15CEB2092EE7CC780035A83D /* EventAdsBoardView.swift */ = {isa = PBXFileReference; lastKnownFileType = sourcecode.swift; path = EventAdsBoardView.swift; sourceTree = "<group>"; };
		15E162472EE0D50500A5C42C /* GooglePlacesService.swift */ = {isa = PBXFileReference; lastKnownFileType = sourcecode.swift; path = GooglePlacesService.swift; sourceTree = SOURCE_ROOT; };
		15E162492EE0D5D600A5C42C /* MapScreenViewModel.swift */ = {isa = PBXFileReference; lastKnownFileType = sourcecode.swift; path = MapScreenViewModel.swift; sourceTree = SOURCE_ROOT; };
		15E1626E2EE121DC00A5C42C /* Place.swift */ = {isa = PBXFileReference; lastKnownFileType = sourcecode.swift; path = Place.swift; sourceTree = "<group>"; };
/* End PBXFileReference section */

/* Begin PBXFileSystemSynchronizedRootGroup section */
		15109F932EFD807D0068DFE3 /* helpers */ = {
			isa = PBXFileSystemSynchronizedRootGroup;
			path = helpers;
			sourceTree = "<group>";
		};
		15A0D7752EE055040063ED79 /* HalalMapPrime */ = {
			isa = PBXFileSystemSynchronizedRootGroup;
			path = HalalMapPrime;
			sourceTree = "<group>";
		};
/* End PBXFileSystemSynchronizedRootGroup section */

/* Begin PBXFrameworksBuildPhase section */
		15A0D7702EE055040063ED79 /* Frameworks */ = {
			isa = PBXFrameworksBuildPhase;
			buildActionMask = 2147483647;
			files = (
				15B48CDF2EE1B2A600A88AB7 /* FirebaseAnalytics in Frameworks */,
				15B48CE32EE1B2A600A88AB7 /* FirebaseAuth in Frameworks */,
				15B48CEB2EE1B2A600A88AB7 /* FirebaseMessaging in Frameworks */,
				15B48CE72EE1B2A600A88AB7 /* FirebaseCrashlytics in Frameworks */,
				15B48CE52EE1B2A600A88AB7 /* FirebaseCore in Frameworks */,
				15B48CED2EE1B2A600A88AB7 /* FirebaseStorage in Frameworks */,
				15B48CE12EE1B2A600A88AB7 /* FirebaseAnalyticsCore in Frameworks */,
				15B48CE92EE1B2A600A88AB7 /* FirebaseFirestore in Frameworks */,
			);
			runOnlyForDeploymentPostprocessing = 0;
		};
/* End PBXFrameworksBuildPhase section */

/* Begin PBXGroup section */
		151BD9E02EE520AA0065F10C /* language */ = {
			isa = PBXGroup;
			children = (
				151BD9E12EE521030065F10C /* AppLanguage.swift */,
				151BD9E32EE5223D0065F10C /* LanguageManager.swift */,
				151BD9E52EE522760065F10C /* LanguageSelectionView.swift */,
			);
			path = language;
			sourceTree = "<group>";
		};
		151BD9EB2EE596C00065F10C /* ADS */ = {
			isa = PBXGroup;
			children = (
				151BD9E92EE528050065F10C /* AdsHomeScreen.swift */,
				151BD9EC2EE596EC0065F10C /* AdsHomeView.swift */,
				15A0D79F2EE068740063ED79 /* BannerAd.swift */,
				151BD9EE2EE597260065F10C /* SelectAdPlanView.swift */,
				151BD9F02EE597570065F10C /* FreeAdFormView.swift */,
				151BD9F22EE597800065F10C /* MyAdsView.swift */,
			);
			path = ADS;
			sourceTree = "<group>";
		};
		156A32472F00B97600819D25 /* jobs */ = {
			isa = PBXGroup;
			children = (
				15683DDE2EE701270011A09F /* JobAdComposerViewswift.swift */,
				1578D8852EE33C8C0053A7CE /* JobAdsScreen.swift */,
			);
			path = jobs;
			sourceTree = "<group>";
		};
		156A32482F00BC7100819D25 /* Community */ = {
			isa = PBXGroup;
			children = (
				15CEB2032EE7C5DF0035A83D /* NoticeBoardViews.swift */,
				156A322C2F00940E00819D25 /* CommunityHubScreen.swift */,
				156A322D2F00940E00819D25 /* CommunityStubScreens.swif */,
				15CEB1F72EE78AB00035A83D /* EventAdComposerView.swift */,
				15CEB2092EE7CC780035A83D /* EventAdsBoardView.swift */,
				15CEB1F52EE78A810035A83D /* EventAdsService.swift */,
			);
			path = Community;
			sourceTree = "<group>";
		};
		15A0D76A2EE055040063ED79 = {
			isa = PBXGroup;
			children = (
				156A32482F00BC7100819D25 /* Community */,
				156A32472F00B97600819D25 /* jobs */,
				15B3D4B92EFDAF0100704BB6 /* deen */,
				15A0D7A32EE0BBD90063ED79 /* GoogleService-Info.plist */,
				15A0D7752EE055040063ED79 /* HalalMapPrime */,
				15C0B4BE2EFCA1F500532F0F /* 	Managers */,
				151BD9EB2EE596C00065F10C /* ADS */,
				15A0D7832EE059E60063ED79 /* services */,
				151BD9E02EE520AA0065F10C /* language */,
				15109F932EFD807D0068DFE3 /* helpers */,
				15A0D78A2EE05CC30063ED79 /* models */,
				15A0D7812EE059A10063ED79 /* views */,
				15A0D7742EE055040063ED79 /* Products */,
			);
			sourceTree = "<group>";
		};
		15A0D7742EE055040063ED79 /* Products */ = {
			isa = PBXGroup;
			children = (
				15A0D7732EE055040063ED79 /* HalalMapPrime.app */,
			);
			name = Products;
			sourceTree = "<group>";
		};
		15A0D7812EE059A10063ED79 /* views */ = {
			isa = PBXGroup;
			children = (
				15A0D7872EE05AF00063ED79 /* MapScreen.swift */,
				15A0D7992EE0605D0063ED79 /* PlaceRowView.swift */,
				15A0D79B2EE060900063ED79 /* PlaceDetailView.swift */,
				15A0D79D2EE0626B0063ED79 /* AddStoreScreen.swift */,
				15B48CDB2EE1A70C00A88AB7 /* AddStoreViewModel.swift */,
			);
			path = views;
			sourceTree = "<group>";
		};
		15A0D7832EE059E60063ED79 /* services */ = {
			isa = PBXGroup;
			children = (
				15E162472EE0D50500A5C42C /* GooglePlacesService.swift */,
				15B48CF22EE1E50300A88AB7 /* GooglePlacesModelsswift.swift */,
				15C0B4BA2EFC8F8600532F0F /* FiLocationManagerle.swift */,
				15C0B4BC2EFC8FC200532F0F /* LocationPermissionView.swift */,
			);
			path = services;
			sourceTree = "<group>";
		};
		15A0D78A2EE05CC30063ED79 /* models */ = {
			isa = PBXGroup;
			children = (
				156A323D2F00940E00819D25 /* AddPlaceCategory.swift */,
				15A0D7A12EE07FE90063ED79 /* samplePlaces.swift */,
				15E1626E2EE121DC00A5C42C /* Place.swift */,
				15109F992EFD82B90068DFE3 /* PlaceDetailsSheet.swift */,
				15E162492EE0D5D600A5C42C /* MapScreenViewModel.swift */,
			);
			path = models;
			sourceTree = "<group>";
		};
		15B3D4B92EFDAF0100704BB6 /* deen */ = {
			isa = PBXGroup;
			children = (
				15A0D7912EE05E4C0063ED79 /* PrayerTime.swift */,
				15B3D49F2EFDAB6600704BB6 /* FaithToolsScreen.swift */,
				15B3D4BA2EFDAF6C00704BB6 /* PrayerTimesViewModel.swift */,
				15B3D4BC2EFDB3DE00704BB6 /* AdhanReminderSettings.swift */,
				15B3D4C62EFDBBF200704BB6 /* AdhanSettingsSheet.swift */,
				15B3D4BE2EFDB40400704BB6 /* AdhanNotificationManager.swift */,
				15B3D4C02EFDB6F800704BB6 /* RamadanImsakiyahViewModel.swift */,
				15B3D4C22EFDB7B900704BB6 /* FaithPlaceholders.swift */,
				15B3D4C42EFDB94500704BB6 /* QiblaCompassViewModel.swift */,
			);
			path = deen;
			sourceTree = "<group>";
		};
		15C0B4BE2EFCA1F500532F0F /* 	Managers */ = {
			isa = PBXGroup;
			children = (
				15109F8C2EFD62510068DFE3 /* AppRouter.swift */,
				15C0B4BF2EFCA2FC00532F0F /* AppLocationManager .swift */,
			);
			path = "\tManagers";
			sourceTree = "<group>";
		};
/* End PBXGroup section */

/* Begin PBXNativeTarget section */
		15A0D7722EE055040063ED79 /* HalalMapPrime */ = {
			isa = PBXNativeTarget;
			buildConfigurationList = 15A0D77E2EE055050063ED79 /* Build configuration list for PBXNativeTarget "HalalMapPrime" */;
			buildPhases = (
				15A0D76F2EE055040063ED79 /* Sources */,
				15A0D7702EE055040063ED79 /* Frameworks */,
				15A0D7712EE055040063ED79 /* Resources */,
			);
			buildRules = (
			);
			dependencies = (
			);
			fileSystemSynchronizedGroups = (
				15109F932EFD807D0068DFE3 /* helpers */,
				15A0D7752EE055040063ED79 /* HalalMapPrime */,
			);
			name = HalalMapPrime;
			packageProductDependencies = (
				15B48CDE2EE1B2A600A88AB7 /* FirebaseAnalytics */,
				15B48CE02EE1B2A600A88AB7 /* FirebaseAnalyticsCore */,
				15B48CE22EE1B2A600A88AB7 /* FirebaseAuth */,
				15B48CE42EE1B2A600A88AB7 /* FirebaseCore */,
				15B48CE62EE1B2A600A88AB7 /* FirebaseCrashlytics */,
				15B48CE82EE1B2A600A88AB7 /* FirebaseFirestore */,
				15B48CEA2EE1B2A600A88AB7 /* FirebaseMessaging */,
				15B48CEC2EE1B2A600A88AB7 /* FirebaseStorage */,
			);
			productName = HalalMapPrime;
			productReference = 15A0D7732EE055040063ED79 /* HalalMapPrime.app */;
			productType = "com.apple.product-type.application";
		};
/* End PBXNativeTarget section */

/* Begin PBXProject section */
		15A0D76B2EE055040063ED79 /* Project object */ = {
			isa = PBXProject;
			attributes = {
				BuildIndependentTargetsInParallel = 1;
				LastSwiftUpdateCheck = 2610;
				LastUpgradeCheck = 2610;
				TargetAttributes = {
					15A0D7722EE055040063ED79 = {
						CreatedOnToolsVersion = 26.1.1;
					};
				};
			};
			buildConfigurationList = 15A0D76E2EE055040063ED79 /* Build configuration list for PBXProject "HalalMapPrime" */;
			developmentRegion = en;
			hasScannedForEncodings = 0;
			knownRegions = (
				en,
				Base,
			);
			mainGroup = 15A0D76A2EE055040063ED79;
			minimizedProjectReferenceProxies = 1;
			packageReferences = (
				15B48CDD2EE1B2A600A88AB7 /* XCRemoteSwiftPackageReference "firebase-ios-sdk" */,
			);
			preferredProjectObjectVersion = 77;
			productRefGroup = 15A0D7742EE055040063ED79 /* Products */;
			projectDirPath = "";
			projectRoot = "";
			targets = (
				15A0D7722EE055040063ED79 /* HalalMapPrime */,
			);
		};
/* End PBXProject section */

/* Begin PBXResourcesBuildPhase section */
		15A0D7712EE055040063ED79 /* Resources */ = {
			isa = PBXResourcesBuildPhase;
			buildActionMask = 2147483647;
			files = (
				156A32352F00940E00819D25 /* CommunityStubScreens.swif in Resources */,
				15A0D7A42EE0BBD90063ED79 /* GoogleService-Info.plist in Resources */,
			);
			runOnlyForDeploymentPostprocessing = 0;
		};
/* End PBXResourcesBuildPhase section */

/* Begin PBXSourcesBuildPhase section */
		15A0D76F2EE055040063ED79 /* Sources */ = {
			isa = PBXSourcesBuildPhase;
			buildActionMask = 2147483647;
			files = (
				156A32422F00940E00819D25 /* AddPlaceCategory.swift in Sources */,
				15A0D7882EE05AF00063ED79 /* MapScreen.swift in Sources */,
				151BD9EA2EE528050065F10C /* AdsHomeScreen.swift in Sources */,
				15CEB1F62EE78A810035A83D /* EventAdsService.swift in Sources */,
				151BD9E62EE522760065F10C /* LanguageSelectionView.swift in Sources */,
				15CEB20A2EE7CC780035A83D /* EventAdsBoardView.swift in Sources */,
				15CEB2042EE7C5DF0035A83D /* NoticeBoardViews.swift in Sources */,
				151BD9E42EE5223D0065F10C /* LanguageManager.swift in Sources */,
				15CEB1F82EE78AB00035A83D /* EventAdComposerView.swift in Sources */,
				15B3D4BD2EFDB3DE00704BB6 /* AdhanReminderSettings.swift in Sources */,
				151BD9EF2EE597260065F10C /* SelectAdPlanView.swift in Sources */,
				15109F8D2EFD62510068DFE3 /* AppRouter.swift in Sources */,
				15A0D79A2EE0605D0063ED79 /* PlaceRowView.swift in Sources */,
				15683DDF2EE701270011A09F /* JobAdComposerViewswift.swift in Sources */,
				1578D8862EE33C8C0053A7CE /* JobAdsScreen.swift in Sources */,
				15B48CDC2EE1A70C00A88AB7 /* AddStoreViewModel.swift in Sources */,
				15A0D7922EE05E4C0063ED79 /* PrayerTime.swift in Sources */,
				151BD9F32EE597800065F10C /* MyAdsView.swift in Sources */,
				15A0D7A02EE068740063ED79 /* BannerAd.swift in Sources */,
				15E162482EE0D50500A5C42C /* GooglePlacesService.swift in Sources */,
				15B3D4C12EFDB6F800704BB6 /* RamadanImsakiyahViewModel.swift in Sources */,
				151BD9ED2EE596EC0065F10C /* AdsHomeView.swift in Sources */,
				156A32362F00940E00819D25 /* CommunityHubScreen.swift in Sources */,
				15B3D4C32EFDB7B900704BB6 /* FaithPlaceholders.swift in Sources */,
				15B3D4BB2EFDAF6C00704BB6 /* PrayerTimesViewModel.swift in Sources */,
				15B3D4C72EFDBBF200704BB6 /* AdhanSettingsSheet.swift in Sources */,
				15B48CF32EE1E50300A88AB7 /* GooglePlacesModelsswift.swift in Sources */,
				15A0D7A22EE07FE90063ED79 /* samplePlaces.swift in Sources */,
				15E1626F2EE121DC00A5C42C /* Place.swift in Sources */,
				15A0D79C2EE060900063ED79 /* PlaceDetailView.swift in Sources */,
				15B3D4BF2EFDB40400704BB6 /* AdhanNotificationManager.swift in Sources */,
				15B3D4A72EFDAB6600704BB6 /* FaithToolsScreen.swift in Sources */,
				15C0B4BD2EFC8FC200532F0F /* LocationPermissionView.swift in Sources */,
				15C0B4C02EFCA2FC00532F0F /* AppLocationManager .swift in Sources */,
				15E1624A2EE0D5D600A5C42C /* MapScreenViewModel.swift in Sources */,
				15109F9A2EFD82B90068DFE3 /* PlaceDetailsSheet.swift in Sources */,
				151BD9F12EE597570065F10C /* FreeAdFormView.swift in Sources */,
				151BD9E22EE521030065F10C /* AppLanguage.swift in Sources */,
				15B3D4C52EFDB94500704BB6 /* QiblaCompassViewModel.swift in Sources */,
				15C0B4BB2EFC8F8600532F0F /* FiLocationManagerle.swift in Sources */,
				15A0D79E2EE0626B0063ED79 /* AddStoreScreen.swift in Sources */,
			);
			runOnlyForDeploymentPostprocessing = 0;
		};
/* End PBXSourcesBuildPhase section */

/* Begin XCBuildConfiguration section */
		15A0D77C2EE055050063ED79 /* Debug */ = {
			isa = XCBuildConfiguration;
			buildSettings = {
				ALWAYS_SEARCH_USER_PATHS = NO;
				ASSETCATALOG_COMPILER_GENERATE_SWIFT_ASSET_SYMBOL_EXTENSIONS = YES;
				CLANG_ANALYZER_NONNULL = YES;
				CLANG_ANALYZER_NUMBER_OBJECT_CONVERSION = YES_AGGRESSIVE;
				CLANG_CXX_LANGUAGE_STANDARD = "gnu++20";
				CLANG_ENABLE_MODULES = YES;
				CLANG_ENABLE_OBJC_ARC = YES;
				CLANG_ENABLE_OBJC_WEAK = YES;
				CLANG_WARN_BLOCK_CAPTURE_AUTORELEASING = YES;
				CLANG_WARN_BOOL_CONVERSION = YES;
				CLANG_WARN_COMMA = YES;
				CLANG_WARN_CONSTANT_CONVERSION = YES;
				CLANG_WARN_DEPRECATED_OBJC_IMPLEMENTATIONS = YES;
				CLANG_WARN_DIRECT_OBJC_ISA_USAGE = YES_ERROR;
				CLANG_WARN_DOCUMENTATION_COMMENTS = YES;
				CLANG_WARN_EMPTY_BODY = YES;
				CLANG_WARN_ENUM_CONVERSION = YES;
				CLANG_WARN_INFINITE_RECURSION = YES;
				CLANG_WARN_INT_CONVERSION = YES;
				CLANG_WARN_NON_LITERAL_NULL_CONVERSION = YES;
				CLANG_WARN_OBJC_IMPLICIT_RETAIN_SELF = YES;
				CLANG_WARN_OBJC_LITERAL_CONVERSION = YES;
				CLANG_WARN_OBJC_ROOT_CLASS = YES_ERROR;
				CLANG_WARN_QUOTED_INCLUDE_IN_FRAMEWORK_HEADER = YES;
				CLANG_WARN_RANGE_LOOP_ANALYSIS = YES;
				CLANG_WARN_STRICT_PROTOTYPES = YES;
				CLANG_WARN_SUSPICIOUS_MOVE = YES;
				CLANG_WARN_UNGUARDED_AVAILABILITY = YES_AGGRESSIVE;
				CLANG_WARN_UNREACHABLE_CODE = YES;
				CLANG_WARN__DUPLICATE_METHOD_MATCH = YES;
				COPY_PHASE_STRIP = NO;
				DEBUG_INFORMATION_FORMAT = dwarf;
				DEVELOPMENT_TEAM = Q839X9CL76;
				ENABLE_STRICT_OBJC_MSGSEND = YES;
				ENABLE_TESTABILITY = YES;
				ENABLE_USER_SCRIPT_SANDBOXING = YES;
				GCC_C_LANGUAGE_STANDARD = gnu17;
				GCC_DYNAMIC_NO_PIC = NO;
				GCC_NO_COMMON_BLOCKS = YES;
				GCC_OPTIMIZATION_LEVEL = 0;
				GCC_PREPROCESSOR_DEFINITIONS = (
					"DEBUG=1",
					"$(inherited)",
				);
				GCC_WARN_64_TO_32_BIT_CONVERSION = YES;
				GCC_WARN_ABOUT_RETURN_TYPE = YES_ERROR;
				GCC_WARN_UNDECLARED_SELECTOR = YES;
				GCC_WARN_UNINITIALIZED_AUTOS = YES_AGGRESSIVE;
				GCC_WARN_UNUSED_FUNCTION = YES;
				GCC_WARN_UNUSED_VARIABLE = YES;
				IPHONEOS_DEPLOYMENT_TARGET = 26.1;
				LOCALIZATION_PREFERS_STRING_CATALOGS = YES;
				MTL_ENABLE_DEBUG_INFO = INCLUDE_SOURCE;
				MTL_FAST_MATH = YES;
				ONLY_ACTIVE_ARCH = YES;
				SDKROOT = iphoneos;
				SWIFT_ACTIVE_COMPILATION_CONDITIONS = "DEBUG $(inherited)";
				SWIFT_OPTIMIZATION_LEVEL = "-Onone";
			};
			name = Debug;
		};
		15A0D77D2EE055050063ED79 /* Release */ = {
			isa = XCBuildConfiguration;
			buildSettings = {
				ALWAYS_SEARCH_USER_PATHS = NO;
				ASSETCATALOG_COMPILER_GENERATE_SWIFT_ASSET_SYMBOL_EXTENSIONS = YES;
				CLANG_ANALYZER_NONNULL = YES;
				CLANG_ANALYZER_NUMBER_OBJECT_CONVERSION = YES_AGGRESSIVE;
				CLANG_CXX_LANGUAGE_STANDARD = "gnu++20";
				CLANG_ENABLE_MODULES = YES;
				CLANG_ENABLE_OBJC_ARC = YES;
				CLANG_ENABLE_OBJC_WEAK = YES;
				CLANG_WARN_BLOCK_CAPTURE_AUTORELEASING = YES;
				CLANG_WARN_BOOL_CONVERSION = YES;
				CLANG_WARN_COMMA = YES;
				CLANG_WARN_CONSTANT_CONVERSION = YES;
				CLANG_WARN_DEPRECATED_OBJC_IMPLEMENTATIONS = YES;
				CLANG_WARN_DIRECT_OBJC_ISA_USAGE = YES_ERROR;
				CLANG_WARN_DOCUMENTATION_COMMENTS = YES;
				CLANG_WARN_EMPTY_BODY = YES;
				CLANG_WARN_ENUM_CONVERSION = YES;
				CLANG_WARN_INFINITE_RECURSION = YES;
				CLANG_WARN_INT_CONVERSION = YES;
				CLANG_WARN_NON_LITERAL_NULL_CONVERSION = YES;
				CLANG_WARN_OBJC_IMPLICIT_RETAIN_SELF = YES;
				CLANG_WARN_OBJC_LITERAL_CONVERSION = YES;
				CLANG_WARN_OBJC_ROOT_CLASS = YES_ERROR;
				CLANG_WARN_QUOTED_INCLUDE_IN_FRAMEWORK_HEADER = YES;
				CLANG_WARN_RANGE_LOOP_ANALYSIS = YES;
				CLANG_WARN_STRICT_PROTOTYPES = YES;
				CLANG_WARN_SUSPICIOUS_MOVE = YES;
				CLANG_WARN_UNGUARDED_AVAILABILITY = YES_AGGRESSIVE;
				CLANG_WARN_UNREACHABLE_CODE = YES;
				CLANG_WARN__DUPLICATE_METHOD_MATCH = YES;
				COPY_PHASE_STRIP = NO;
				DEBUG_INFORMATION_FORMAT = "dwarf-with-dsym";
				DEVELOPMENT_TEAM = Q839X9CL76;
				ENABLE_NS_ASSERTIONS = NO;
				ENABLE_STRICT_OBJC_MSGSEND = YES;
				ENABLE_USER_SCRIPT_SANDBOXING = YES;
				GCC_C_LANGUAGE_STANDARD = gnu17;
				GCC_NO_COMMON_BLOCKS = YES;
				GCC_WARN_64_TO_32_BIT_CONVERSION = YES;
				GCC_WARN_ABOUT_RETURN_TYPE = YES_ERROR;
				GCC_WARN_UNDECLARED_SELECTOR = YES;
				GCC_WARN_UNINITIALIZED_AUTOS = YES_AGGRESSIVE;
				GCC_WARN_UNUSED_FUNCTION = YES;
				GCC_WARN_UNUSED_VARIABLE = YES;
				IPHONEOS_DEPLOYMENT_TARGET = 26.1;
				LOCALIZATION_PREFERS_STRING_CATALOGS = YES;
				MTL_ENABLE_DEBUG_INFO = NO;
				MTL_FAST_MATH = YES;
				SDKROOT = iphoneos;
				SWIFT_COMPILATION_MODE = wholemodule;
				VALIDATE_PRODUCT = YES;
			};
			name = Release;
		};
		15A0D77F2EE055050063ED79 /* Debug */ = {
			isa = XCBuildConfiguration;
			buildSettings = {
				ASSETCATALOG_COMPILER_APPICON_NAME = AppIcon;
				ASSETCATALOG_COMPILER_GLOBAL_ACCENT_COLOR_NAME = AccentColor;
				CODE_SIGN_STYLE = Automatic;
				CURRENT_PROJECT_VERSION = 1;
				DEVELOPMENT_TEAM = Q839X9CL76;
				ENABLE_PREVIEWS = YES;
				GENERATE_INFOPLIST_FILE = YES;
				INFOPLIST_KEY_NSLocationWhenInUseUsageDescription = "We use your location to show nearby halal places and jobs.";
				INFOPLIST_KEY_UIApplicationSceneManifest_Generation = YES;
				INFOPLIST_KEY_UIApplicationSupportsIndirectInputEvents = YES;
				INFOPLIST_KEY_UILaunchScreen_Generation = YES;
				INFOPLIST_KEY_UISupportedInterfaceOrientations_iPad = "UIInterfaceOrientationPortrait UIInterfaceOrientationPortraitUpsideDown UIInterfaceOrientationLandscapeLeft UIInterfaceOrientationLandscapeRight";
				INFOPLIST_KEY_UISupportedInterfaceOrientations_iPhone = "UIInterfaceOrientationPortrait UIInterfaceOrientationLandscapeLeft UIInterfaceOrientationLandscapeRight";
				LD_RUNPATH_SEARCH_PATHS = (
					"$(inherited)",
					"@executable_path/Frameworks",
				);
				MARKETING_VERSION = 1.0;
				PRODUCT_BUNDLE_IDENTIFIER = com.HMP.Zaid;
				PRODUCT_NAME = "$(TARGET_NAME)";
				STRING_CATALOG_GENERATE_SYMBOLS = YES;
				SWIFT_APPROACHABLE_CONCURRENCY = YES;
				SWIFT_DEFAULT_ACTOR_ISOLATION = MainActor;
				SWIFT_EMIT_LOC_STRINGS = YES;
				SWIFT_UPCOMING_FEATURE_MEMBER_IMPORT_VISIBILITY = YES;
				SWIFT_VERSION = 5.0;
				TARGETED_DEVICE_FAMILY = "1,2";
			};
			name = Debug;
		};
		15A0D7802EE055050063ED79 /* Release */ = {
			isa = XCBuildConfiguration;
			buildSettings = {
				ASSETCATALOG_COMPILER_APPICON_NAME = AppIcon;
				ASSETCATALOG_COMPILER_GLOBAL_ACCENT_COLOR_NAME = AccentColor;
				CODE_SIGN_STYLE = Automatic;
				CURRENT_PROJECT_VERSION = 1;
				DEVELOPMENT_TEAM = Q839X9CL76;
				ENABLE_PREVIEWS = YES;
				GENERATE_INFOPLIST_FILE = YES;
				INFOPLIST_KEY_NSLocationWhenInUseUsageDescription = "We use your location to show nearby halal places and jobs.";
				INFOPLIST_KEY_UIApplicationSceneManifest_Generation = YES;
				INFOPLIST_KEY_UIApplicationSupportsIndirectInputEvents = YES;
				INFOPLIST_KEY_UILaunchScreen_Generation = YES;
				INFOPLIST_KEY_UISupportedInterfaceOrientations_iPad = "UIInterfaceOrientationPortrait UIInterfaceOrientationPortraitUpsideDown UIInterfaceOrientationLandscapeLeft UIInterfaceOrientationLandscapeRight";
				INFOPLIST_KEY_UISupportedInterfaceOrientations_iPhone = "UIInterfaceOrientationPortrait UIInterfaceOrientationLandscapeLeft UIInterfaceOrientationLandscapeRight";
				LD_RUNPATH_SEARCH_PATHS = (
					"$(inherited)",
					"@executable_path/Frameworks",
				);
				MARKETING_VERSION = 1.0;
				PRODUCT_BUNDLE_IDENTIFIER = com.HMP.Zaid;
				PRODUCT_NAME = "$(TARGET_NAME)";
				STRING_CATALOG_GENERATE_SYMBOLS = YES;
				SWIFT_APPROACHABLE_CONCURRENCY = YES;
				SWIFT_DEFAULT_ACTOR_ISOLATION = MainActor;
				SWIFT_EMIT_LOC_STRINGS = YES;
				SWIFT_UPCOMING_FEATURE_MEMBER_IMPORT_VISIBILITY = YES;
				SWIFT_VERSION = 5.0;
				TARGETED_DEVICE_FAMILY = "1,2";
			};
			name = Release;
		};
/* End XCBuildConfiguration section */

/* Begin XCConfigurationList section */
		15A0D76E2EE055040063ED79 /* Build configuration list for PBXProject "HalalMapPrime" */ = {
			isa = XCConfigurationList;
			buildConfigurations = (
				15A0D77C2EE055050063ED79 /* Debug */,
				15A0D77D2EE055050063ED79 /* Release */,
			);
			defaultConfigurationIsVisible = 0;
			defaultConfigurationName = Release;
		};
		15A0D77E2EE055050063ED79 /* Build configuration list for PBXNativeTarget "HalalMapPrime" */ = {
			isa = XCConfigurationList;
			buildConfigurations = (
				15A0D77F2EE055050063ED79 /* Debug */,
				15A0D7802EE055050063ED79 /* Release */,
			);
			defaultConfigurationIsVisible = 0;
			defaultConfigurationName = Release;
		};
/* End XCConfigurationList section */

/* Begin XCRemoteSwiftPackageReference section */
		15B48CDD2EE1B2A600A88AB7 /* XCRemoteSwiftPackageReference "firebase-ios-sdk" */ = {
			isa = XCRemoteSwiftPackageReference;
			repositoryURL = "https://github.com/firebase/firebase-ios-sdk.git";
			requirement = {
				kind = upToNextMajorVersion;
				minimumVersion = 12.6.0;
			};
		};
/* End XCRemoteSwiftPackageReference section */

/* Begin XCSwiftPackageProductDependency section */
		15B48CDE2EE1B2A600A88AB7 /* FirebaseAnalytics */ = {
			isa = XCSwiftPackageProductDependency;
			package = 15B48CDD2EE1B2A600A88AB7 /* XCRemoteSwiftPackageReference "firebase-ios-sdk" */;
			productName = FirebaseAnalytics;
		};
		15B48CE02EE1B2A600A88AB7 /* FirebaseAnalyticsCore */ = {
			isa = XCSwiftPackageProductDependency;
			package = 15B48CDD2EE1B2A600A88AB7 /* XCRemoteSwiftPackageReference "firebase-ios-sdk" */;
			productName = FirebaseAnalyticsCore;
		};
		15B48CE22EE1B2A600A88AB7 /* FirebaseAuth */ = {
			isa = XCSwiftPackageProductDependency;
			package = 15B48CDD2EE1B2A600A88AB7 /* XCRemoteSwiftPackageReference "firebase-ios-sdk" */;
			productName = FirebaseAuth;
		};
		15B48CE42EE1B2A600A88AB7 /* FirebaseCore */ = {
			isa = XCSwiftPackageProductDependency;
			package = 15B48CDD2EE1B2A600A88AB7 /* XCRemoteSwiftPackageReference "firebase-ios-sdk" */;
			productName = FirebaseCore;
		};
		15B48CE62EE1B2A600A88AB7 /* FirebaseCrashlytics */ = {
			isa = XCSwiftPackageProductDependency;
			package = 15B48CDD2EE1B2A600A88AB7 /* XCRemoteSwiftPackageReference "firebase-ios-sdk" */;
			productName = FirebaseCrashlytics;
		};
		15B48CE82EE1B2A600A88AB7 /* FirebaseFirestore */ = {
			isa = XCSwiftPackageProductDependency;
			package = 15B48CDD2EE1B2A600A88AB7 /* XCRemoteSwiftPackageReference "firebase-ios-sdk" */;
			productName = FirebaseFirestore;
		};
		15B48CEA2EE1B2A600A88AB7 /* FirebaseMessaging */ = {
			isa = XCSwiftPackageProductDependency;
			package = 15B48CDD2EE1B2A600A88AB7 /* XCRemoteSwiftPackageReference "firebase-ios-sdk" */;
			productName = FirebaseMessaging;
		};
		15B48CEC2EE1B2A600A88AB7 /* FirebaseStorage */ = {
			isa = XCSwiftPackageProductDependency;
			package = 15B48CDD2EE1B2A600A88AB7 /* XCRemoteSwiftPackageReference "firebase-ios-sdk" */;
			productName = FirebaseStorage;
		};
/* End XCSwiftPackageProductDependency section */
	};
	rootObject = 15A0D76B2EE055040063ED79 /* Project object */;
}
