// !$*UTF8*$!
{
	archiveVersion = 1;
	classes = {
	};
	objectVersion = 77;
	objects = {

/* Begin PBXBuildFile section */
		15109F8D2EFD62510068DFE3 /* AppRouter.swift in Sources */ = {isa = PBXBuildFile; fileRef = 15109F8C2EFD62510068DFE3 /* AppRouter.swift */; };
		15109F9A2EFD82B90068DFE3 /* PlaceDetailsSheet.swift in Sources */ = {isa = PBXBuildFile; fileRef = 15109F992EFD82B90068DFE3 /* PlaceDetailsSheet.swift */; };
		151BD9E22EE521030065F10C /* AppLanguage.swift in Sources */ = {isa = PBXBuildFile; fileRef = 151BD9E12EE521030065F10C /* AppLanguage.swift */; };
		151BD9E42EE5223D0065F10C /* LanguageManager.swift in Sources */ = {isa = PBXBuildFile; fileRef = 151BD9E32EE5223D0065F10C /* LanguageManager.swift */; };
		151BD9E62EE522760065F10C /* LanguageSelectionView.swift in Sources */ = {isa = PBXBuildFile; fileRef = 151BD9E52EE522760065F10C /* LanguageSelectionView.swift */; };
		151BD9ED2EE596EC0065F10C /* AdsHomeView.swift in Sources */ = {isa = PBXBuildFile; fileRef = 151BD9EC2EE596EC0065F10C /* AdsHomeView.swift */; };
		151BD9EF2EE597260065F10C /* SelectAdPlanView.swift in Sources */ = {isa = PBXBuildFile; fileRef = 151BD9EE2EE597260065F10C /* SelectAdPlanView.swift */; };
		151BD9F12EE597570065F10C /* AddHalalPlaceFormView.swift in Sources */ = {isa = PBXBuildFile; fileRef = 151BD9F02EE597570065F10C /* AddHalalPlaceFormView.swift */; };
		151BD9F32EE597800065F10C /* MyAdsView.swift in Sources */ = {isa = PBXBuildFile; fileRef = 151BD9F22EE597800065F10C /* MyAdsView.swift */; };
		153BA5C72F04084F000D22FD /* IAPManager.swift in Sources */ = {isa = PBXBuildFile; fileRef = 153BA5C62F04084F000D22FD /* IAPManager.swift */; };
		153BA5D82F046983000D22FD /* HMP.storekit in Resources */ = {isa = PBXBuildFile; fileRef = 153BA5D72F046983000D22FD /* HMP.storekit */; };
		153BA5DC2F048082000D22FD /* PlaceSubmissionsStore.swift in Sources */ = {isa = PBXBuildFile; fileRef = 153BA5DB2F048082000D22FD /* PlaceSubmissionsStore.swift */; };
		153BA5DF2F0490D7000D22FD /* MyPlacesStore.swift in Sources */ = {isa = PBXBuildFile; fileRef = 153BA5DE2F0490D7000D22FD /* MyPlacesStore.swift */; };
		153BA5E32F0495ED000D22FD /* ActivePlacesStore.swift in Sources */ = {isa = PBXBuildFile; fileRef = 153BA5E22F0495ED000D22FD /* ActivePlacesStore.swift */; };
		153BA5E92F04AED8000D22FD /* MonthlyFreeGate.swift in Sources */ = {isa = PBXBuildFile; fileRef = 153BA5E82F04AED8000D22FD /* MonthlyFreeGate.swift */; };
		153BA5EB2F052E07000D22FD /* MarqueeText.swift in Sources */ = {isa = PBXBuildFile; fileRef = 153BA5EA2F052E07000D22FD /* MarqueeText.swift */; };
		153BA5ED2F052E31000D22FD /* HomeEventsTickerView.swift in Sources */ = {isa = PBXBuildFile; fileRef = 153BA5EC2F052E31000D22FD /* HomeEventsTickerView.swift */; };
		153BA5EF2F0531DB000D22FD /* CoreEventCategory.swift in Sources */ = {isa = PBXBuildFile; fileRef = 153BA5EE2F0531DB000D22FD /* CoreEventCategory.swift */; };
		153BA5F12F0532C5000D22FD /* MyEventsView.swift in Sources */ = {isa = PBXBuildFile; fileRef = 153BA5F02F0532C5000D22FD /* MyEventsView.swift */; };
		153BA5F32F0532E8000D22FD /* MyEventsViewModel.swift in Sources */ = {isa = PBXBuildFile; fileRef = 153BA5F22F0532E8000D22FD /* MyEventsViewModel.swift */; };
		153BA6552F05677E000D22FD /* AdsPrivacyView.swift in Sources */ = {isa = PBXBuildFile; fileRef = 153BA6542F05677E000D22FD /* AdsPrivacyView.swift */; };
		153BA6752F06A648000D22FD /* FreeAdStateStore.swift in Sources */ = {isa = PBXBuildFile; fileRef = 153BA6742F06A648000D22FD /* FreeAdStateStore.swift */; };
		153BA6772F06BA1B000D22FD /* IAPProducts.swift in Sources */ = {isa = PBXBuildFile; fileRef = 153BA6762F06BA1B000D22FD /* IAPProducts.swift */; };
		153BA67B2F06BA7A000D22FD /* PurchaseManager.swift in Sources */ = {isa = PBXBuildFile; fileRef = 153BA67A2F06BA7A000D22FD /* PurchaseManager.swift */; };
		153BA67D2F06BABB000D22FD /* PaidAdsScreen.swift in Sources */ = {isa = PBXBuildFile; fileRef = 153BA67C2F06BABB000D22FD /* PaidAdsScreen.swift */; };
		153BA67F2F06CEC4000D22FD /* LifetimeFreePlaceGate.swift in Sources */ = {isa = PBXBuildFile; fileRef = 153BA67E2F06CEC4000D22FD /* LifetimeFreePlaceGate.swift */; };
		155C3FE62F0A8F48009EEB95 /* FreeMonthlyAdFormView.swift in Sources */ = {isa = PBXBuildFile; fileRef = 155C3FE52F0A8F48009EEB95 /* FreeMonthlyAdFormView.swift */; };
		155C3FE92F0A95C4009EEB95 /* WeeklyAdInfoView.swift in Sources */ = {isa = PBXBuildFile; fileRef = 155C3FE82F0A95C4009EEB95 /* WeeklyAdInfoView.swift */; };
		155C3FEB2F0A95E6009EEB95 /* MonthlyAdInfoView.swift in Sources */ = {isa = PBXBuildFile; fileRef = 155C3FEA2F0A95E6009EEB95 /* MonthlyAdInfoView.swift */; };
		155C3FED2F0A9617009EEB95 /* PrimeAdInfoView.swift in Sources */ = {isa = PBXBuildFile; fileRef = 155C3FEC2F0A9617009EEB95 /* PrimeAdInfoView.swift */; };
		155C3FEF2F0A9749009EEB95 /* PaidAdPlanDetailView.swift in Sources */ = {isa = PBXBuildFile; fileRef = 155C3FEE2F0A9749009EEB95 /* PaidAdPlanDetailView.swift */; };
		155C3FF32F0A9E88009EEB95 /* AdPlan.swift in Sources */ = {isa = PBXBuildFile; fileRef = 155C3FF22F0A9E88009EEB95 /* AdPlan.swift */; };
		155C3FF92F0ADB02009EEB95 /* CreateAdFormView.swift in Sources */ = {isa = PBXBuildFile; fileRef = 155C3FF82F0ADB02009EEB95 /* CreateAdFormView.swift */; };
		155C3FFD2F0AEBFC009EEB95 /* AdPlanDetailsView.swift in Sources */ = {isa = PBXBuildFile; fileRef = 155C3FFC2F0AEBFC009EEB95 /* AdPlanDetailsView.swift */; };
		155C3FFF2F0AF9E5009EEB95 /* HMPAdPlanKind.swift in Sources */ = {isa = PBXBuildFile; fileRef = 155C3FFE2F0AF9E5009EEB95 /* HMPAdPlanKind.swift */; };
		155C40012F0B0D32009EEB95 /* AdsStore.swift in Sources */ = {isa = PBXBuildFile; fileRef = 155C40002F0B0D32009EEB95 /* AdsStore.swift */; };
		155C40042F0B1424009EEB95 /* HMPAd.swift in Sources */ = {isa = PBXBuildFile; fileRef = 155C40032F0B1424009EEB95 /* HMPAd.swift */; };
		155C40062F0B21B4009EEB95 /* FreeOnceGateStore.swift in Sources */ = {isa = PBXBuildFile; fileRef = 155C40052F0B21B4009EEB95 /* FreeOnceGateStore.swift */; };
		156016592F032F3D00ABC8BB /* EventTemplate.swift in Sources */ = {isa = PBXBuildFile; fileRef = 156016582F032F3D00ABC8BB /* EventTemplate.swift */; };
		1560165B2F032F6F00ABC8BB /* ContactUsView.swift in Sources */ = {isa = PBXBuildFile; fileRef = 1560165A2F032F6F00ABC8BB /* ContactUsView.swift */; };
		1560165D2F032F9500ABC8BB /* PrivacyPolicyView.swift in Sources */ = {isa = PBXBuildFile; fileRef = 1560165C2F032F9500ABC8BB /* PrivacyPolicyView.swift */; };
		1560165F2F03305000ABC8BB /* EventAdsBoardViewModel.swift in Sources */ = {isa = PBXBuildFile; fileRef = 1560165E2F03305000ABC8BB /* EventAdsBoardViewModel.swift */; };
		156450942F128B9E00D24AD6 /* Localizable.strings in Resources */ = {isa = PBXBuildFile; fileRef = 156450922F128B9E00D24AD6 /* Localizable.strings */; };
		156A32352F00940E00819D25 /* CommunityStubScreens.swif in Resources */ = {isa = PBXBuildFile; fileRef = 156A322D2F00940E00819D25 /* CommunityStubScreens.swif */; };
		156A32362F00940E00819D25 /* CommunityHubScreen.swift in Sources */ = {isa = PBXBuildFile; fileRef = 156A322C2F00940E00819D25 /* CommunityHubScreen.swift */; };
		156A32422F00940E00819D25 /* AddPlaceCategory.swift in Sources */ = {isa = PBXBuildFile; fileRef = 156A323D2F00940E00819D25 /* AddPlaceCategory.swift */; };
		15A0D7882EE05AF00063ED79 /* MapScreen.swift in Sources */ = {isa = PBXBuildFile; fileRef = 15A0D7872EE05AF00063ED79 /* MapScreen.swift */; };
		15A0D7922EE05E4C0063ED79 /* PrayerTime.swift in Sources */ = {isa = PBXBuildFile; fileRef = 15A0D7912EE05E4C0063ED79 /* PrayerTime.swift */; };
		15A0D79A2EE0605D0063ED79 /* PlaceRowView.swift in Sources */ = {isa = PBXBuildFile; fileRef = 15A0D7992EE0605D0063ED79 /* PlaceRowView.swift */; };
		15A0D79C2EE060900063ED79 /* PlaceDetailView.swift in Sources */ = {isa = PBXBuildFile; fileRef = 15A0D79B2EE060900063ED79 /* PlaceDetailView.swift */; };
		15A0D79E2EE0626B0063ED79 /* AddStoreScreen.swift in Sources */ = {isa = PBXBuildFile; fileRef = 15A0D79D2EE0626B0063ED79 /* AddStoreScreen.swift */; };
		15A0D7A02EE068740063ED79 /* BannerAd.swift in Sources */ = {isa = PBXBuildFile; fileRef = 15A0D79F2EE068740063ED79 /* BannerAd.swift */; };
		15A0D7A22EE07FE90063ED79 /* samplePlaces.swift in Sources */ = {isa = PBXBuildFile; fileRef = 15A0D7A12EE07FE90063ED79 /* samplePlaces.swift */; };
		15A0D7A42EE0BBD90063ED79 /* GoogleService-Info.plist in Resources */ = {isa = PBXBuildFile; fileRef = 15A0D7A32EE0BBD90063ED79 /* GoogleService-Info.plist */; };
		15B3D4A72EFDAB6600704BB6 /* FaithToolsScreen.swift in Sources */ = {isa = PBXBuildFile; fileRef = 15B3D49F2EFDAB6600704BB6 /* FaithToolsScreen.swift */; };
		15B3D4BB2EFDAF6C00704BB6 /* PrayerTimesViewModel.swift in Sources */ = {isa = PBXBuildFile; fileRef = 15B3D4BA2EFDAF6C00704BB6 /* PrayerTimesViewModel.swift */; };
		15B3D4BD2EFDB3DE00704BB6 /* AdhanReminderSettings.swift in Sources */ = {isa = PBXBuildFile; fileRef = 15B3D4BC2EFDB3DE00704BB6 /* AdhanReminderSettings.swift */; };
		15B3D4BF2EFDB40400704BB6 /* AdhanNotificationManager.swift in Sources */ = {isa = PBXBuildFile; fileRef = 15B3D4BE2EFDB40400704BB6 /* AdhanNotificationManager.swift */; };
		15B3D4C12EFDB6F800704BB6 /* RamadanImsakiyahViewModel.swift in Sources */ = {isa = PBXBuildFile; fileRef = 15B3D4C02EFDB6F800704BB6 /* RamadanImsakiyahViewModel.swift */; };
		15B3D4C32EFDB7B900704BB6 /* FaithPlaceholders.swift in Sources */ = {isa = PBXBuildFile; fileRef = 15B3D4C22EFDB7B900704BB6 /* FaithPlaceholders.swift */; };
		15B3D4C52EFDB94500704BB6 /* QiblaCompassViewModel.swift in Sources */ = {isa = PBXBuildFile; fileRef = 15B3D4C42EFDB94500704BB6 /* QiblaCompassViewModel.swift */; };
		15B3D4C72EFDBBF200704BB6 /* AdhanSettingsSheet.swift in Sources */ = {isa = PBXBuildFile; fileRef = 15B3D4C62EFDBBF200704BB6 /* AdhanSettingsSheet.swift */; };
		15B48CDC2EE1A70C00A88AB7 /* AddStoreViewModel.swift in Sources */ = {isa = PBXBuildFile; fileRef = 15B48CDB2EE1A70C00A88AB7 /* AddStoreViewModel.swift */; };
		15B48CDF2EE1B2A600A88AB7 /* FirebaseAnalytics in Frameworks */ = {isa = PBXBuildFile; productRef = 15B48CDE2EE1B2A600A88AB7 /* FirebaseAnalytics */; };
		15B48CE12EE1B2A600A88AB7 /* FirebaseAnalyticsCore in Frameworks */ = {isa = PBXBuildFile; productRef = 15B48CE02EE1B2A600A88AB7 /* FirebaseAnalyticsCore */; };
		15B48CE32EE1B2A600A88AB7 /* FirebaseAuth in Frameworks */ = {isa = PBXBuildFile; productRef = 15B48CE22EE1B2A600A88AB7 /* FirebaseAuth */; };
		15B48CE52EE1B2A600A88AB7 /* FirebaseCore in Frameworks */ = {isa = PBXBuildFile; productRef = 15B48CE42EE1B2A600A88AB7 /* FirebaseCore */; };
		15B48CE72EE1B2A600A88AB7 /* FirebaseCrashlytics in Frameworks */ = {isa = PBXBuildFile; productRef = 15B48CE62EE1B2A600A88AB7 /* FirebaseCrashlytics */; };
		15B48CE92EE1B2A600A88AB7 /* FirebaseFirestore in Frameworks */ = {isa = PBXBuildFile; productRef = 15B48CE82EE1B2A600A88AB7 /* FirebaseFirestore */; };
		15B48CEB2EE1B2A600A88AB7 /* FirebaseMessaging in Frameworks */ = {isa = PBXBuildFile; productRef = 15B48CEA2EE1B2A600A88AB7 /* FirebaseMessaging */; };
		15B48CED2EE1B2A600A88AB7 /* FirebaseStorage in Frameworks */ = {isa = PBXBuildFile; productRef = 15B48CEC2EE1B2A600A88AB7 /* FirebaseStorage */; };
		15B48CF32EE1E50300A88AB7 /* GooglePlacesModelsswift.swift in Sources */ = {isa = PBXBuildFile; fileRef = 15B48CF22EE1E50300A88AB7 /* GooglePlacesModelsswift.swift */; };
		15C0B4BB2EFC8F8600532F0F /* FiLocationManagerle.swift in Sources */ = {isa = PBXBuildFile; fileRef = 15C0B4BA2EFC8F8600532F0F /* FiLocationManagerle.swift */; };
		15C0B4BD2EFC8FC200532F0F /* LocationPermissionView.swift in Sources */ = {isa = PBXBuildFile; fileRef = 15C0B4BC2EFC8FC200532F0F /* LocationPermissionView.swift */; };
		15C0B4C02EFCA2FC00532F0F /* AppLocationManager.swift in Sources */ = {isa = PBXBuildFile; fileRef = 15C0B4BF2EFCA2FC00532F0F /* AppLocationManager.swift */; };
		15C62E132F0D3DBC00702399 /* AddAddressPremiumView.swift in Sources */ = {isa = PBXBuildFile; fileRef = 15C62E122F0D3DBC00702399 /* AddAddressPremiumView.swift */; };
		15C62E152F0D416F00702399 /* AdPreviewScreen.swift in Sources */ = {isa = PBXBuildFile; fileRef = 15C62E142F0D416F00702399 /* AdPreviewScreen.swift */; };
		15C62E172F0D4EDD00702399 /* JobAdFilter.swift in Sources */ = {isa = PBXBuildFile; fileRef = 15C62E162F0D4EDD00702399 /* JobAdFilter.swift */; };
		15CEB1F62EE78A810035A83D /* EventAdsService.swift in Sources */ = {isa = PBXBuildFile; fileRef = 15CEB1F52EE78A810035A83D /* EventAdsService.swift */; };
		15CEB1F82EE78AB00035A83D /* EventAdComposerView.swift in Sources */ = {isa = PBXBuildFile; fileRef = 15CEB1F72EE78AB00035A83D /* EventAdComposerView.swift */; };
		15CEB2042EE7C5DF0035A83D /* NoticeBoardViews.swift in Sources */ = {isa = PBXBuildFile; fileRef = 15CEB2032EE7C5DF0035A83D /* NoticeBoardViews.swift */; };
		15CEB20A2EE7CC780035A83D /* EventAdsBoardView.swift in Sources */ = {isa = PBXBuildFile; fileRef = 15CEB2092EE7CC780035A83D /* EventAdsBoardView.swift */; };
		15D014352F02BBCB00D34C64 /* JobAlertsSheet 2.swift in Sources */ = {isa = PBXBuildFile; fileRef = 15D014342F02BBCB00D34C64 /* JobAlertsSheet 2.swift */; };
		15D014372F02C07500D34C64 /* jobLegacyBoard.swift in Sources */ = {isa = PBXBuildFile; fileRef = 15D014362F02C07500D34C64 /* jobLegacyBoard.swift */; };
		15E162482EE0D50500A5C42C /* GooglePlacesService.swift in Sources */ = {isa = PBXBuildFile; fileRef = 15E162472EE0D50500A5C42C /* GooglePlacesService.swift */; };
		15E1624A2EE0D5D600A5C42C /* MapScreenViewModel.swift in Sources */ = {isa = PBXBuildFile; fileRef = 15E162492EE0D5D600A5C42C /* MapScreenViewModel.swift */; };
		15E1626F2EE121DC00A5C42C /* Place.swift in Sources */ = {isa = PBXBuildFile; fileRef = 15E1626E2EE121DC00A5C42C /* Place.swift */; };
		15F1CE5D2F035432007C72CA /* MonthlyEventPaywallView.swift in Sources */ = {isa = PBXBuildFile; fileRef = 15F1CE5C2F035432007C72CA /* MonthlyEventPaywallView.swift */; };
/* End PBXBuildFile section */

/* Begin PBXFileReference section */
		15109F8C2EFD62510068DFE3 /* AppRouter.swift */ = {isa = PBXFileReference; lastKnownFileType = sourcecode.swift; path = AppRouter.swift; sourceTree = "<group>"; };
		15109F992EFD82B90068DFE3 /* PlaceDetailsSheet.swift */ = {isa = PBXFileReference; lastKnownFileType = sourcecode.swift; path = PlaceDetailsSheet.swift; sourceTree = SOURCE_ROOT; };
		151BD9E12EE521030065F10C /* AppLanguage.swift */ = {isa = PBXFileReference; lastKnownFileType = sourcecode.swift; name = AppLanguage.swift; path = views/AppLanguage.swift; sourceTree = SOURCE_ROOT; };
		151BD9E32EE5223D0065F10C /* LanguageManager.swift */ = {isa = PBXFileReference; lastKnownFileType = sourcecode.swift; path = LanguageManager.swift; sourceTree = "<group>"; };
		151BD9E52EE522760065F10C /* LanguageSelectionView.swift */ = {isa = PBXFileReference; lastKnownFileType = sourcecode.swift; path = LanguageSelectionView.swift; sourceTree = "<group>"; };
		151BD9EC2EE596EC0065F10C /* AdsHomeView.swift */ = {isa = PBXFileReference; lastKnownFileType = sourcecode.swift; path = AdsHomeView.swift; sourceTree = "<group>"; };
		151BD9EE2EE597260065F10C /* SelectAdPlanView.swift */ = {isa = PBXFileReference; lastKnownFileType = sourcecode.swift; path = SelectAdPlanView.swift; sourceTree = "<group>"; };
		151BD9F02EE597570065F10C /* AddHalalPlaceFormView.swift */ = {isa = PBXFileReference; lastKnownFileType = sourcecode.swift; path = AddHalalPlaceFormView.swift; sourceTree = "<group>"; };
		151BD9F22EE597800065F10C /* MyAdsView.swift */ = {isa = PBXFileReference; lastKnownFileType = sourcecode.swift; path = MyAdsView.swift; sourceTree = "<group>"; };
		153BA5C62F04084F000D22FD /* IAPManager.swift */ = {isa = PBXFileReference; lastKnownFileType = sourcecode.swift; path = IAPManager.swift; sourceTree = "<group>"; };
		153BA5D72F046983000D22FD /* HMP.storekit */ = {isa = PBXFileReference; lastKnownFileType = text; path = HMP.storekit; sourceTree = "<group>"; };
		153BA5DB2F048082000D22FD /* PlaceSubmissionsStore.swift */ = {isa = PBXFileReference; lastKnownFileType = sourcecode.swift; path = PlaceSubmissionsStore.swift; sourceTree = "<group>"; };
		153BA5DE2F0490D7000D22FD /* MyPlacesStore.swift */ = {isa = PBXFileReference; lastKnownFileType = sourcecode.swift; path = MyPlacesStore.swift; sourceTree = "<group>"; };
		153BA5E22F0495ED000D22FD /* ActivePlacesStore.swift */ = {isa = PBXFileReference; lastKnownFileType = sourcecode.swift; path = ActivePlacesStore.swift; sourceTree = "<group>"; };
		153BA5E82F04AED8000D22FD /* MonthlyFreeGate.swift */ = {isa = PBXFileReference; lastKnownFileType = sourcecode.swift; path = MonthlyFreeGate.swift; sourceTree = "<group>"; };
		153BA5EA2F052E07000D22FD /* MarqueeText.swift */ = {isa = PBXFileReference; lastKnownFileType = sourcecode.swift; path = MarqueeText.swift; sourceTree = "<group>"; };
		153BA5EC2F052E31000D22FD /* HomeEventsTickerView.swift */ = {isa = PBXFileReference; lastKnownFileType = sourcecode.swift; path = HomeEventsTickerView.swift; sourceTree = "<group>"; };
		153BA5EE2F0531DB000D22FD /* CoreEventCategory.swift */ = {isa = PBXFileReference; lastKnownFileType = sourcecode.swift; path = CoreEventCategory.swift; sourceTree = "<group>"; };
		153BA5F02F0532C5000D22FD /* MyEventsView.swift */ = {isa = PBXFileReference; lastKnownFileType = sourcecode.swift; path = MyEventsView.swift; sourceTree = "<group>"; };
		153BA5F22F0532E8000D22FD /* MyEventsViewModel.swift */ = {isa = PBXFileReference; lastKnownFileType = sourcecode.swift; path = MyEventsViewModel.swift; sourceTree = "<group>"; };
		153BA6542F05677E000D22FD /* AdsPrivacyView.swift */ = {isa = PBXFileReference; lastKnownFileType = sourcecode.swift; path = AdsPrivacyView.swift; sourceTree = "<group>"; };
		153BA6742F06A648000D22FD /* FreeAdStateStore.swift */ = {isa = PBXFileReference; lastKnownFileType = sourcecode.swift; path = FreeAdStateStore.swift; sourceTree = "<group>"; };
		153BA6762F06BA1B000D22FD /* IAPProducts.swift */ = {isa = PBXFileReference; lastKnownFileType = sourcecode.swift; path = IAPProducts.swift; sourceTree = "<group>"; };
		153BA67A2F06BA7A000D22FD /* PurchaseManager.swift */ = {isa = PBXFileReference; lastKnownFileType = sourcecode.swift; path = PurchaseManager.swift; sourceTree = "<group>"; };
		153BA67C2F06BABB000D22FD /* PaidAdsScreen.swift */ = {isa = PBXFileReference; lastKnownFileType = sourcecode.swift; path = PaidAdsScreen.swift; sourceTree = "<group>"; };
		153BA67E2F06CEC4000D22FD /* LifetimeFreePlaceGate.swift */ = {isa = PBXFileReference; lastKnownFileType = sourcecode.swift; path = LifetimeFreePlaceGate.swift; sourceTree = "<group>"; };
		155C3FE52F0A8F48009EEB95 /* FreeMonthlyAdFormView.swift */ = {isa = PBXFileReference; lastKnownFileType = sourcecode.swift; path = FreeMonthlyAdFormView.swift; sourceTree = "<group>"; };
		155C3FE82F0A95C4009EEB95 /* WeeklyAdInfoView.swift */ = {isa = PBXFileReference; lastKnownFileType = sourcecode.swift; path = WeeklyAdInfoView.swift; sourceTree = "<group>"; };
		155C3FEA2F0A95E6009EEB95 /* MonthlyAdInfoView.swift */ = {isa = PBXFileReference; lastKnownFileType = sourcecode.swift; path = MonthlyAdInfoView.swift; sourceTree = "<group>"; };
		155C3FEC2F0A9617009EEB95 /* PrimeAdInfoView.swift */ = {isa = PBXFileReference; lastKnownFileType = sourcecode.swift; path = PrimeAdInfoView.swift; sourceTree = "<group>"; };
		155C3FEE2F0A9749009EEB95 /* PaidAdPlanDetailView.swift */ = {isa = PBXFileReference; lastKnownFileType = sourcecode.swift; path = PaidAdPlanDetailView.swift; sourceTree = "<group>"; };
		155C3FF22F0A9E88009EEB95 /* AdPlan.swift */ = {isa = PBXFileReference; lastKnownFileType = sourcecode.swift; path = AdPlan.swift; sourceTree = "<group>"; };
		155C3FF82F0ADB02009EEB95 /* CreateAdFormView.swift */ = {isa = PBXFileReference; lastKnownFileType = sourcecode.swift; path = CreateAdFormView.swift; sourceTree = "<group>"; };
		155C3FFC2F0AEBFC009EEB95 /* AdPlanDetailsView.swift */ = {isa = PBXFileReference; lastKnownFileType = sourcecode.swift; path = AdPlanDetailsView.swift; sourceTree = "<group>"; };
		155C3FFE2F0AF9E5009EEB95 /* HMPAdPlanKind.swift */ = {isa = PBXFileReference; lastKnownFileType = sourcecode.swift; path = HMPAdPlanKind.swift; sourceTree = "<group>"; };
		155C40002F0B0D32009EEB95 /* AdsStore.swift */ = {isa = PBXFileReference; lastKnownFileType = sourcecode.swift; path = AdsStore.swift; sourceTree = "<group>"; };
		155C40032F0B1424009EEB95 /* HMPAd.swift */ = {isa = PBXFileReference; lastKnownFileType = sourcecode.swift; path = HMPAd.swift; sourceTree = "<group>"; };
		155C40052F0B21B4009EEB95 /* FreeOnceGateStore.swift */ = {isa = PBXFileReference; lastKnownFileType = sourcecode.swift; path = FreeOnceGateStore.swift; sourceTree = "<group>"; };
		156016582F032F3D00ABC8BB /* EventTemplate.swift */ = {isa = PBXFileReference; lastKnownFileType = sourcecode.swift; path = EventTemplate.swift; sourceTree = "<group>"; };
		1560165A2F032F6F00ABC8BB /* ContactUsView.swift */ = {isa = PBXFileReference; lastKnownFileType = sourcecode.swift; path = ContactUsView.swift; sourceTree = "<group>"; };
		1560165C2F032F9500ABC8BB /* PrivacyPolicyView.swift */ = {isa = PBXFileReference; lastKnownFileType = sourcecode.swift; path = PrivacyPolicyView.swift; sourceTree = "<group>"; };
		1560165E2F03305000ABC8BB /* EventAdsBoardViewModel.swift */ = {isa = PBXFileReference; lastKnownFileType = sourcecode.swift; path = EventAdsBoardViewModel.swift; sourceTree = "<group>"; };
		156450932F128B9E00D24AD6 /* en */ = {isa = PBXFileReference; lastKnownFileType = text.plist.strings; name = en; path = en.lproj/Localizable.strings; sourceTree = "<group>"; };
		1564509A2F1298D000D24AD6 /* ar */ = {isa = PBXFileReference; lastKnownFileType = text.plist.strings; name = ar; path = ar.lproj/Localizable.strings; sourceTree = "<group>"; };
		156A322C2F00940E00819D25 /* CommunityHubScreen.swift */ = {isa = PBXFileReference; lastKnownFileType = sourcecode.swift; path = CommunityHubScreen.swift; sourceTree = "<group>"; };
		156A322D2F00940E00819D25 /* CommunityStubScreens.swif */ = {isa = PBXFileReference; lastKnownFileType = text; path = CommunityStubScreens.swif; sourceTree = "<group>"; };
		156A323D2F00940E00819D25 /* AddPlaceCategory.swift */ = {isa = PBXFileReference; lastKnownFileType = sourcecode.swift; path = AddPlaceCategory.swift; sourceTree = "<group>"; };
		15A0D7732EE055040063ED79 /* HalalMapPrime.app */ = {isa = PBXFileReference; explicitFileType = wrapper.application; includeInIndex = 0; path = HalalMapPrime.app; sourceTree = BUILT_PRODUCTS_DIR; };
		15A0D7872EE05AF00063ED79 /* MapScreen.swift */ = {isa = PBXFileReference; lastKnownFileType = sourcecode.swift; path = MapScreen.swift; sourceTree = "<group>"; };
		15A0D7912EE05E4C0063ED79 /* PrayerTime.swift */ = {isa = PBXFileReference; lastKnownFileType = sourcecode.swift; path = PrayerTime.swift; sourceTree = "<group>"; };
		15A0D7992EE0605D0063ED79 /* PlaceRowView.swift */ = {isa = PBXFileReference; lastKnownFileType = sourcecode.swift; path = PlaceRowView.swift; sourceTree = "<group>"; };
		15A0D79B2EE060900063ED79 /* PlaceDetailView.swift */ = {isa = PBXFileReference; lastKnownFileType = sourcecode.swift; path = PlaceDetailView.swift; sourceTree = "<group>"; };
		15A0D79D2EE0626B0063ED79 /* AddStoreScreen.swift */ = {isa = PBXFileReference; lastKnownFileType = sourcecode.swift; path = AddStoreScreen.swift; sourceTree = "<group>"; };
		15A0D79F2EE068740063ED79 /* BannerAd.swift */ = {isa = PBXFileReference; lastKnownFileType = sourcecode.swift; path = BannerAd.swift; sourceTree = "<group>"; };
		15A0D7A12EE07FE90063ED79 /* samplePlaces.swift */ = {isa = PBXFileReference; lastKnownFileType = sourcecode.swift; path = samplePlaces.swift; sourceTree = "<group>"; };
		15A0D7A32EE0BBD90063ED79 /* GoogleService-Info.plist */ = {isa = PBXFileReference; lastKnownFileType = text.plist.xml; path = "GoogleService-Info.plist"; sourceTree = "<group>"; };
		15B3D49F2EFDAB6600704BB6 /* FaithToolsScreen.swift */ = {isa = PBXFileReference; lastKnownFileType = sourcecode.swift; path = FaithToolsScreen.swift; sourceTree = "<group>"; };
		15B3D4BA2EFDAF6C00704BB6 /* PrayerTimesViewModel.swift */ = {isa = PBXFileReference; lastKnownFileType = sourcecode.swift; path = PrayerTimesViewModel.swift; sourceTree = "<group>"; };
		15B3D4BC2EFDB3DE00704BB6 /* AdhanReminderSettings.swift */ = {isa = PBXFileReference; lastKnownFileType = sourcecode.swift; path = AdhanReminderSettings.swift; sourceTree = "<group>"; };
		15B3D4BE2EFDB40400704BB6 /* AdhanNotificationManager.swift */ = {isa = PBXFileReference; lastKnownFileType = sourcecode.swift; path = AdhanNotificationManager.swift; sourceTree = "<group>"; };
		15B3D4C02EFDB6F800704BB6 /* RamadanImsakiyahViewModel.swift */ = {isa = PBXFileReference; lastKnownFileType = sourcecode.swift; path = RamadanImsakiyahViewModel.swift; sourceTree = "<group>"; };
		15B3D4C22EFDB7B900704BB6 /* FaithPlaceholders.swift */ = {isa = PBXFileReference; lastKnownFileType = sourcecode.swift; path = FaithPlaceholders.swift; sourceTree = "<group>"; };
		15B3D4C42EFDB94500704BB6 /* QiblaCompassViewModel.swift */ = {isa = PBXFileReference; lastKnownFileType = sourcecode.swift; path = QiblaCompassViewModel.swift; sourceTree = "<group>"; };
		15B3D4C62EFDBBF200704BB6 /* AdhanSettingsSheet.swift */ = {isa = PBXFileReference; lastKnownFileType = sourcecode.swift; path = AdhanSettingsSheet.swift; sourceTree = "<group>"; };
		15B48CDB2EE1A70C00A88AB7 /* AddStoreViewModel.swift */ = {isa = PBXFileReference; lastKnownFileType = sourcecode.swift; path = AddStoreViewModel.swift; sourceTree = "<group>"; };
		15B48CF22EE1E50300A88AB7 /* GooglePlacesModelsswift.swift */ = {isa = PBXFileReference; lastKnownFileType = sourcecode.swift; path = GooglePlacesModelsswift.swift; sourceTree = SOURCE_ROOT; };
		15C0B4BA2EFC8F8600532F0F /* FiLocationManagerle.swift */ = {isa = PBXFileReference; lastKnownFileType = sourcecode.swift; path = FiLocationManagerle.swift; sourceTree = SOURCE_ROOT; };
		15C0B4BC2EFC8FC200532F0F /* LocationPermissionView.swift */ = {isa = PBXFileReference; lastKnownFileType = sourcecode.swift; path = LocationPermissionView.swift; sourceTree = SOURCE_ROOT; };
		15C0B4BF2EFCA2FC00532F0F /* AppLocationManager.swift */ = {isa = PBXFileReference; lastKnownFileType = sourcecode.swift; path = AppLocationManager.swift; sourceTree = "<group>"; };
		15C62E122F0D3DBC00702399 /* AddAddressPremiumView.swift */ = {isa = PBXFileReference; lastKnownFileType = sourcecode.swift; path = AddAddressPremiumView.swift; sourceTree = "<group>"; };
		15C62E142F0D416F00702399 /* AdPreviewScreen.swift */ = {isa = PBXFileReference; lastKnownFileType = sourcecode.swift; path = AdPreviewScreen.swift; sourceTree = "<group>"; };
		15C62E162F0D4EDD00702399 /* JobAdFilter.swift */ = {isa = PBXFileReference; lastKnownFileType = sourcecode.swift; path = JobAdFilter.swift; sourceTree = "<group>"; };
		15CEB1F52EE78A810035A83D /* EventAdsService.swift */ = {isa = PBXFileReference; lastKnownFileType = sourcecode.swift; path = EventAdsService.swift; sourceTree = "<group>"; };
		15CEB1F72EE78AB00035A83D /* EventAdComposerView.swift */ = {isa = PBXFileReference; lastKnownFileType = sourcecode.swift; path = EventAdComposerView.swift; sourceTree = "<group>"; };
		15CEB2032EE7C5DF0035A83D /* NoticeBoardViews.swift */ = {isa = PBXFileReference; lastKnownFileType = sourcecode.swift; path = NoticeBoardViews.swift; sourceTree = "<group>"; };
		15CEB2092EE7CC780035A83D /* EventAdsBoardView.swift */ = {isa = PBXFileReference; lastKnownFileType = sourcecode.swift; path = EventAdsBoardView.swift; sourceTree = "<group>"; };
		15D014342F02BBCB00D34C64 /* JobAlertsSheet 2.swift */ = {isa = PBXFileReference; lastKnownFileType = sourcecode.swift; path = "JobAlertsSheet 2.swift"; sourceTree = "<group>"; };
		15D014362F02C07500D34C64 /* jobLegacyBoard.swift */ = {isa = PBXFileReference; lastKnownFileType = sourcecode.swift; path = jobLegacyBoard.swift; sourceTree = "<group>"; };
		15E162472EE0D50500A5C42C /* GooglePlacesService.swift */ = {isa = PBXFileReference; lastKnownFileType = sourcecode.swift; path = GooglePlacesService.swift; sourceTree = SOURCE_ROOT; };
		15E162492EE0D5D600A5C42C /* MapScreenViewModel.swift */ = {isa = PBXFileReference; lastKnownFileType = sourcecode.swift; path = MapScreenViewModel.swift; sourceTree = SOURCE_ROOT; };
		15E1626E2EE121DC00A5C42C /* Place.swift */ = {isa = PBXFileReference; lastKnownFileType = sourcecode.swift; path = Place.swift; sourceTree = "<group>"; };
		15F1CE5C2F035432007C72CA /* MonthlyEventPaywallView.swift */ = {isa = PBXFileReference; lastKnownFileType = sourcecode.swift; path = MonthlyEventPaywallView.swift; sourceTree = "<group>"; };
/* End PBXFileReference section */

/* Begin PBXFileSystemSynchronizedBuildFileExceptionSet section */
		15626C962F103E6400D23C67 /* Exceptions for "HalalMapPrime" folder in "HalalMapPrime" target */ = {
			isa = PBXFileSystemSynchronizedBuildFileExceptionSet;
			membershipExceptions = (
				Info.plist,
			);
			target = 15A0D7722EE055040063ED79 /* HalalMapPrime */;
		};
/* End PBXFileSystemSynchronizedBuildFileExceptionSet section */

/* Begin PBXFileSystemSynchronizedRootGroup section */
		15109F932EFD807D0068DFE3 /* helpers */ = {
			isa = PBXFileSystemSynchronizedRootGroup;
			path = helpers;
			sourceTree = "<group>";
		};
		15A0D7752EE055040063ED79 /* HalalMapPrime */ = {
			isa = PBXFileSystemSynchronizedRootGroup;
			exceptions = (
				15626C962F103E6400D23C67 /* Exceptions for "HalalMapPrime" folder in "HalalMapPrime" target */,
			);
			path = HalalMapPrime;
			sourceTree = "<group>";
		};
/* End PBXFileSystemSynchronizedRootGroup section */

/* Begin PBXFrameworksBuildPhase section */
		15A0D7702EE055040063ED79 /* Frameworks */ = {
			isa = PBXFrameworksBuildPhase;
			buildActionMask = 2147483647;
			files = (
				15B48CDF2EE1B2A600A88AB7 /* FirebaseAnalytics in Frameworks */,
				15B48CE32EE1B2A600A88AB7 /* FirebaseAuth in Frameworks */,
				15B48CEB2EE1B2A600A88AB7 /* FirebaseMessaging in Frameworks */,
				15B48CE72EE1B2A600A88AB7 /* FirebaseCrashlytics in Frameworks */,
				15B48CE52EE1B2A600A88AB7 /* FirebaseCore in Frameworks */,
				15B48CED2EE1B2A600A88AB7 /* FirebaseStorage in Frameworks */,
				15B48CE12EE1B2A600A88AB7 /* FirebaseAnalyticsCore in Frameworks */,
				15B48CE92EE1B2A600A88AB7 /* FirebaseFirestore in Frameworks */,
			);
			runOnlyForDeploymentPostprocessing = 0;
		};
/* End PBXFrameworksBuildPhase section */

/* Begin PBXGroup section */
		151BD9E02EE520AA0065F10C /* language */ = {
			isa = PBXGroup;
			children = (
				151BD9E12EE521030065F10C /* AppLanguage.swift */,
				151BD9E32EE5223D0065F10C /* LanguageManager.swift */,
				151BD9E52EE522760065F10C /* LanguageSelectionView.swift */,
				156450922F128B9E00D24AD6 /* Localizable.strings */,
			);
			path = language;
			sourceTree = "<group>";
		};
		151BD9EB2EE596C00065F10C /* ADS */ = {
			isa = PBXGroup;
			children = (
				155C40022F0B13C9009EEB95 /* HMP ads */,
				155C3FFB2F0AE128009EEB95 /* Ads Home View */,
				155C3FFA2F0ADFDA009EEB95 /* Free Ads */,
				155C3FE72F0A956E009EEB95 /* Ads paid plan */,
			);
			path = ADS;
			sourceTree = "<group>";
		};
		153BA5D52F046828000D22FD /* StoreKit 2 */ = {
			isa = PBXGroup;
			children = (
				153BA5D72F046983000D22FD /* HMP.storekit */,
			);
			path = "StoreKit 2";
			sourceTree = "<group>";
		};
		153BA5DD2F0481DC000D22FD /* Frameworks */ = {
			isa = PBXGroup;
			children = (
			);
			name = Frameworks;
			sourceTree = "<group>";
		};
		155C3FE72F0A956E009EEB95 /* Ads paid plan */ = {
			isa = PBXGroup;
			children = (
				155C3FE82F0A95C4009EEB95 /* WeeklyAdInfoView.swift */,
				155C3FEA2F0A95E6009EEB95 /* MonthlyAdInfoView.swift */,
				155C3FEC2F0A9617009EEB95 /* PrimeAdInfoView.swift */,
				155C3FEE2F0A9749009EEB95 /* PaidAdPlanDetailView.swift */,
				153BA67C2F06BABB000D22FD /* PaidAdsScreen.swift */,
				155C3FF22F0A9E88009EEB95 /* AdPlan.swift */,
			);
			path = "Ads paid plan";
			sourceTree = "<group>";
		};
		155C3FFA2F0ADFDA009EEB95 /* Free Ads */ = {
			isa = PBXGroup;
			children = (
				153BA5E82F04AED8000D22FD /* MonthlyFreeGate.swift */,
				153BA67E2F06CEC4000D22FD /* LifetimeFreePlaceGate.swift */,
				155C3FE52F0A8F48009EEB95 /* FreeMonthlyAdFormView.swift */,
				153BA6742F06A648000D22FD /* FreeAdStateStore.swift */,
				155C40052F0B21B4009EEB95 /* FreeOnceGateStore.swift */,
			);
			path = "Free Ads";
			sourceTree = "<group>";
		};
		155C3FFB2F0AE128009EEB95 /* Ads Home View */ = {
			isa = PBXGroup;
			children = (
				153BA5DB2F048082000D22FD /* PlaceSubmissionsStore.swift */,
				151BD9EE2EE597260065F10C /* SelectAdPlanView.swift */,
				153BA6542F05677E000D22FD /* AdsPrivacyView.swift */,
				151BD9F02EE597570065F10C /* AddHalalPlaceFormView.swift */,
				153BA5DE2F0490D7000D22FD /* MyPlacesStore.swift */,
				151BD9F22EE597800065F10C /* MyAdsView.swift */,
				15A0D79F2EE068740063ED79 /* BannerAd.swift */,
				153BA5E22F0495ED000D22FD /* ActivePlacesStore.swift */,
				151BD9EC2EE596EC0065F10C /* AdsHomeView.swift */,
				155C3FF82F0ADB02009EEB95 /* CreateAdFormView.swift */,
				155C3FFC2F0AEBFC009EEB95 /* AdPlanDetailsView.swift */,
				155C3FFE2F0AF9E5009EEB95 /* HMPAdPlanKind.swift */,
				155C40002F0B0D32009EEB95 /* AdsStore.swift */,
			);
			path = "Ads Home View";
			sourceTree = "<group>";
		};
		155C40022F0B13C9009EEB95 /* HMP ads */ = {
			isa = PBXGroup;
			children = (
				155C40032F0B1424009EEB95 /* HMPAd.swift */,
				15C62E122F0D3DBC00702399 /* AddAddressPremiumView.swift */,
				15C62E142F0D416F00702399 /* AdPreviewScreen.swift */,
			);
			path = "HMP ads";
			sourceTree = "<group>";
		};
		156A32472F00B97600819D25 /* jobs */ = {
			isa = PBXGroup;
			children = (
				15D014342F02BBCB00D34C64 /* JobAlertsSheet 2.swift */,
				15D014362F02C07500D34C64 /* jobLegacyBoard.swift */,
				15C62E162F0D4EDD00702399 /* JobAdFilter.swift */,
			);
			path = jobs;
			sourceTree = "<group>";
		};
		156A32482F00BC7100819D25 /* Community */ = {
			isa = PBXGroup;
			children = (
				15CEB2032EE7C5DF0035A83D /* NoticeBoardViews.swift */,
				156A322C2F00940E00819D25 /* CommunityHubScreen.swift */,
				1560165C2F032F9500ABC8BB /* PrivacyPolicyView.swift */,
				1560165A2F032F6F00ABC8BB /* ContactUsView.swift */,
				156A322D2F00940E00819D25 /* CommunityStubScreens.swif */,
				15CEB1F72EE78AB00035A83D /* EventAdComposerView.swift */,
				156016582F032F3D00ABC8BB /* EventTemplate.swift */,
				15CEB2092EE7CC780035A83D /* EventAdsBoardView.swift */,
				1560165E2F03305000ABC8BB /* EventAdsBoardViewModel.swift */,
				15CEB1F52EE78A810035A83D /* EventAdsService.swift */,
				153BA5EA2F052E07000D22FD /* MarqueeText.swift */,
				153BA5EC2F052E31000D22FD /* HomeEventsTickerView.swift */,
				153BA5EE2F0531DB000D22FD /* CoreEventCategory.swift */,
				153BA5F02F0532C5000D22FD /* MyEventsView.swift */,
				153BA5F22F0532E8000D22FD /* MyEventsViewModel.swift */,
			);
			path = Community;
			sourceTree = "<group>";
		};
		15A0D76A2EE055040063ED79 = {
			isa = PBXGroup;
			children = (
				156A32482F00BC7100819D25 /* Community */,
				156A32472F00B97600819D25 /* jobs */,
				15B3D4B92EFDAF0100704BB6 /* deen */,
				15A0D7A32EE0BBD90063ED79 /* GoogleService-Info.plist */,
				15A0D7752EE055040063ED79 /* HalalMapPrime */,
				15C0B4BE2EFCA1F500532F0F /* Managers */,
				151BD9EB2EE596C00065F10C /* ADS */,
				15A0D7832EE059E60063ED79 /* services */,
				151BD9E02EE520AA0065F10C /* language */,
				15109F932EFD807D0068DFE3 /* helpers */,
				15A0D78A2EE05CC30063ED79 /* models */,
				15A0D7812EE059A10063ED79 /* views */,
				153BA5DD2F0481DC000D22FD /* Frameworks */,
				15A0D7742EE055040063ED79 /* Products */,
			);
			sourceTree = "<group>";
		};
		15A0D7742EE055040063ED79 /* Products */ = {
			isa = PBXGroup;
			children = (
				15A0D7732EE055040063ED79 /* HalalMapPrime.app */,
			);
			name = Products;
			sourceTree = "<group>";
		};
		15A0D7812EE059A10063ED79 /* views */ = {
			isa = PBXGroup;
			children = (
				15A0D7872EE05AF00063ED79 /* MapScreen.swift */,
				15A0D7992EE0605D0063ED79 /* PlaceRowView.swift */,
				15A0D79B2EE060900063ED79 /* PlaceDetailView.swift */,
				15A0D79D2EE0626B0063ED79 /* AddStoreScreen.swift */,
				15B48CDB2EE1A70C00A88AB7 /* AddStoreViewModel.swift */,
			);
			path = views;
			sourceTree = "<group>";
		};
		15A0D7832EE059E60063ED79 /* services */ = {
			isa = PBXGroup;
			children = (
				15E162472EE0D50500A5C42C /* GooglePlacesService.swift */,
				15B48CF22EE1E50300A88AB7 /* GooglePlacesModelsswift.swift */,
				15C0B4BA2EFC8F8600532F0F /* FiLocationManagerle.swift */,
				15C0B4BC2EFC8FC200532F0F /* LocationPermissionView.swift */,
			);
			path = services;
			sourceTree = "<group>";
		};
		15A0D78A2EE05CC30063ED79 /* models */ = {
			isa = PBXGroup;
			children = (
				156A323D2F00940E00819D25 /* AddPlaceCategory.swift */,
				15A0D7A12EE07FE90063ED79 /* samplePlaces.swift */,
				15E1626E2EE121DC00A5C42C /* Place.swift */,
				15109F992EFD82B90068DFE3 /* PlaceDetailsSheet.swift */,
				15E162492EE0D5D600A5C42C /* MapScreenViewModel.swift */,
			);
			path = models;
			sourceTree = "<group>";
		};
		15B3D4B92EFDAF0100704BB6 /* deen */ = {
			isa = PBXGroup;
			children = (
				15A0D7912EE05E4C0063ED79 /* PrayerTime.swift */,
				15B3D49F2EFDAB6600704BB6 /* FaithToolsScreen.swift */,
				15B3D4BA2EFDAF6C00704BB6 /* PrayerTimesViewModel.swift */,
				15B3D4BC2EFDB3DE00704BB6 /* AdhanReminderSettings.swift */,
				15B3D4C62EFDBBF200704BB6 /* AdhanSettingsSheet.swift */,
				15B3D4BE2EFDB40400704BB6 /* AdhanNotificationManager.swift */,
				15B3D4C02EFDB6F800704BB6 /* RamadanImsakiyahViewModel.swift */,
				15B3D4C22EFDB7B900704BB6 /* FaithPlaceholders.swift */,
				15B3D4C42EFDB94500704BB6 /* QiblaCompassViewModel.swift */,
			);
			path = deen;
			sourceTree = "<group>";
		};
		15C0B4BE2EFCA1F500532F0F /* Managers */ = {
			isa = PBXGroup;
			children = (
				15109F8C2EFD62510068DFE3 /* AppRouter.swift */,
				15C0B4BF2EFCA2FC00532F0F /* AppLocationManager.swift */,
				15F1CE5C2F035432007C72CA /* MonthlyEventPaywallView.swift */,
				153BA67A2F06BA7A000D22FD /* PurchaseManager.swift */,
				153BA5C62F04084F000D22FD /* IAPManager.swift */,
				153BA6762F06BA1B000D22FD /* IAPProducts.swift */,
				153BA5D52F046828000D22FD /* StoreKit 2 */,
			);
			path = Managers;
			sourceTree = "<group>";
		};
/* End PBXGroup section */

/* Begin PBXNativeTarget section */
		15A0D7722EE055040063ED79 /* HalalMapPrime */ = {
			isa = PBXNativeTarget;
			buildConfigurationList = 15A0D77E2EE055050063ED79 /* Build configuration list for PBXNativeTarget "HalalMapPrime" */;
			buildPhases = (
				15A0D76F2EE055040063ED79 /* Sources */,
				15A0D7702EE055040063ED79 /* Frameworks */,
				15A0D7712EE055040063ED79 /* Resources */,
			);
			buildRules = (
			);
			dependencies = (
			);
			fileSystemSynchronizedGroups = (
				15109F932EFD807D0068DFE3 /* helpers */,
				15A0D7752EE055040063ED79 /* HalalMapPrime */,
			);
			name = HalalMapPrime;
			packageProductDependencies = (
				15B48CDE2EE1B2A600A88AB7 /* FirebaseAnalytics */,
				15B48CE02EE1B2A600A88AB7 /* FirebaseAnalyticsCore */,
				15B48CE22EE1B2A600A88AB7 /* FirebaseAuth */,
				15B48CE42EE1B2A600A88AB7 /* FirebaseCore */,
				15B48CE62EE1B2A600A88AB7 /* FirebaseCrashlytics */,
				15B48CE82EE1B2A600A88AB7 /* FirebaseFirestore */,
				15B48CEA2EE1B2A600A88AB7 /* FirebaseMessaging */,
				15B48CEC2EE1B2A600A88AB7 /* FirebaseStorage */,
			);
			productName = HalalMapPrime;
			productReference = 15A0D7732EE055040063ED79 /* HalalMapPrime.app */;
			productType = "com.apple.product-type.application";
		};
/* End PBXNativeTarget section */

/* Begin PBXProject section */
		15A0D76B2EE055040063ED79 /* Project object */ = {
			isa = PBXProject;
			attributes = {
				BuildIndependentTargetsInParallel = 1;
				LastSwiftUpdateCheck = 2610;
				LastUpgradeCheck = 2610;
				TargetAttributes = {
					15A0D7722EE055040063ED79 = {
						CreatedOnToolsVersion = 26.1.1;
					};
				};
			};
			buildConfigurationList = 15A0D76E2EE055040063ED79 /* Build configuration list for PBXProject "HalalMapPrime" */;
			developmentRegion = en;
			hasScannedForEncodings = 0;
			knownRegions = (
				en,
				Base,
				ar,
			);
			mainGroup = 15A0D76A2EE055040063ED79;
			minimizedProjectReferenceProxies = 1;
			packageReferences = (
				15B48CDD2EE1B2A600A88AB7 /* XCRemoteSwiftPackageReference "firebase-ios-sdk" */,
			);
			preferredProjectObjectVersion = 77;
			productRefGroup = 15A0D7742EE055040063ED79 /* Products */;
			projectDirPath = "";
			projectRoot = "";
			targets = (
				15A0D7722EE055040063ED79 /* HalalMapPrime */,
			);
		};
/* End PBXProject section */

/* Begin PBXResourcesBuildPhase section */
		15A0D7712EE055040063ED79 /* Resources */ = {
			isa = PBXResourcesBuildPhase;
			buildActionMask = 2147483647;
			files = (
				156450942F128B9E00D24AD6 /* Localizable.strings in Resources */,
				153BA5D82F046983000D22FD /* HMP.storekit in Resources */,
				156A32352F00940E00819D25 /* CommunityStubScreens.swif in Resources */,
				15A0D7A42EE0BBD90063ED79 /* GoogleService-Info.plist in Resources */,
			);
			runOnlyForDeploymentPostprocessing = 0;
		};
/* End PBXResourcesBuildPhase section */

/* Begin PBXSourcesBuildPhase section */
		15A0D76F2EE055040063ED79 /* Sources */ = {
			isa = PBXSourcesBuildPhase;
			buildActionMask = 2147483647;
			files = (
				153BA5F12F0532C5000D22FD /* MyEventsView.swift in Sources */,
				156A32422F00940E00819D25 /* AddPlaceCategory.swift in Sources */,
				15A0D7882EE05AF00063ED79 /* MapScreen.swift in Sources */,
				153BA6752F06A648000D22FD /* FreeAdStateStore.swift in Sources */,
				15CEB1F62EE78A810035A83D /* EventAdsService.swift in Sources */,
				151BD9E62EE522760065F10C /* LanguageSelectionView.swift in Sources */,
				15CEB20A2EE7CC780035A83D /* EventAdsBoardView.swift in Sources */,
				15CEB2042EE7C5DF0035A83D /* NoticeBoardViews.swift in Sources */,
				15C62E132F0D3DBC00702399 /* AddAddressPremiumView.swift in Sources */,
				155C40012F0B0D32009EEB95 /* AdsStore.swift in Sources */,
				155C40062F0B21B4009EEB95 /* FreeOnceGateStore.swift in Sources */,
				155C3FE62F0A8F48009EEB95 /* FreeMonthlyAdFormView.swift in Sources */,
				151BD9E42EE5223D0065F10C /* LanguageManager.swift in Sources */,
				15CEB1F82EE78AB00035A83D /* EventAdComposerView.swift in Sources */,
				15B3D4BD2EFDB3DE00704BB6 /* AdhanReminderSettings.swift in Sources */,
				151BD9EF2EE597260065F10C /* SelectAdPlanView.swift in Sources */,
				155C3FEF2F0A9749009EEB95 /* PaidAdPlanDetailView.swift in Sources */,
				155C3FFF2F0AF9E5009EEB95 /* HMPAdPlanKind.swift in Sources */,
				15109F8D2EFD62510068DFE3 /* AppRouter.swift in Sources */,
				15A0D79A2EE0605D0063ED79 /* PlaceRowView.swift in Sources */,
				153BA5DC2F048082000D22FD /* PlaceSubmissionsStore.swift in Sources */,
				15B48CDC2EE1A70C00A88AB7 /* AddStoreViewModel.swift in Sources */,
				15A0D7922EE05E4C0063ED79 /* PrayerTime.swift in Sources */,
				151BD9F32EE597800065F10C /* MyAdsView.swift in Sources */,
				15C62E172F0D4EDD00702399 /* JobAdFilter.swift in Sources */,
				1560165F2F03305000ABC8BB /* EventAdsBoardViewModel.swift in Sources */,
				15A0D7A02EE068740063ED79 /* BannerAd.swift in Sources */,
				15C62E152F0D416F00702399 /* AdPreviewScreen.swift in Sources */,
				15E162482EE0D50500A5C42C /* GooglePlacesService.swift in Sources */,
				15B3D4C12EFDB6F800704BB6 /* RamadanImsakiyahViewModel.swift in Sources */,
				151BD9ED2EE596EC0065F10C /* AdsHomeView.swift in Sources */,
				155C3FF32F0A9E88009EEB95 /* AdPlan.swift in Sources */,
				155C3FF92F0ADB02009EEB95 /* CreateAdFormView.swift in Sources */,
				153BA5ED2F052E31000D22FD /* HomeEventsTickerView.swift in Sources */,
				153BA5E32F0495ED000D22FD /* ActivePlacesStore.swift in Sources */,
				153BA5E92F04AED8000D22FD /* MonthlyFreeGate.swift in Sources */,
				153BA67D2F06BABB000D22FD /* PaidAdsScreen.swift in Sources */,
				156A32362F00940E00819D25 /* CommunityHubScreen.swift in Sources */,
				153BA6552F05677E000D22FD /* AdsPrivacyView.swift in Sources */,
				153BA5EB2F052E07000D22FD /* MarqueeText.swift in Sources */,
				153BA67F2F06CEC4000D22FD /* LifetimeFreePlaceGate.swift in Sources */,
				15B3D4C32EFDB7B900704BB6 /* FaithPlaceholders.swift in Sources */,
				156016592F032F3D00ABC8BB /* EventTemplate.swift in Sources */,
				15B3D4BB2EFDAF6C00704BB6 /* PrayerTimesViewModel.swift in Sources */,
				15D014352F02BBCB00D34C64 /* JobAlertsSheet 2.swift in Sources */,
				153BA67B2F06BA7A000D22FD /* PurchaseManager.swift in Sources */,
				15B3D4C72EFDBBF200704BB6 /* AdhanSettingsSheet.swift in Sources */,
				155C3FED2F0A9617009EEB95 /* PrimeAdInfoView.swift in Sources */,
				15B48CF32EE1E50300A88AB7 /* GooglePlacesModelsswift.swift in Sources */,
				1560165B2F032F6F00ABC8BB /* ContactUsView.swift in Sources */,
				15A0D7A22EE07FE90063ED79 /* samplePlaces.swift in Sources */,
				155C3FE92F0A95C4009EEB95 /* WeeklyAdInfoView.swift in Sources */,
				15E1626F2EE121DC00A5C42C /* Place.swift in Sources */,
				15A0D79C2EE060900063ED79 /* PlaceDetailView.swift in Sources */,
				15F1CE5D2F035432007C72CA /* MonthlyEventPaywallView.swift in Sources */,
				153BA5DF2F0490D7000D22FD /* MyPlacesStore.swift in Sources */,
				1560165D2F032F9500ABC8BB /* PrivacyPolicyView.swift in Sources */,
				15B3D4BF2EFDB40400704BB6 /* AdhanNotificationManager.swift in Sources */,
				15B3D4A72EFDAB6600704BB6 /* FaithToolsScreen.swift in Sources */,
				155C40042F0B1424009EEB95 /* HMPAd.swift in Sources */,
				153BA5C72F04084F000D22FD /* IAPManager.swift in Sources */,
				15C0B4BD2EFC8FC200532F0F /* LocationPermissionView.swift in Sources */,
				15D014372F02C07500D34C64 /* jobLegacyBoard.swift in Sources */,
				15C0B4C02EFCA2FC00532F0F /* AppLocationManager.swift in Sources */,
				15E1624A2EE0D5D600A5C42C /* MapScreenViewModel.swift in Sources */,
				15109F9A2EFD82B90068DFE3 /* PlaceDetailsSheet.swift in Sources */,
				151BD9F12EE597570065F10C /* AddHalalPlaceFormView.swift in Sources */,
				151BD9E22EE521030065F10C /* AppLanguage.swift in Sources */,
				15B3D4C52EFDB94500704BB6 /* QiblaCompassViewModel.swift in Sources */,
				155C3FEB2F0A95E6009EEB95 /* MonthlyAdInfoView.swift in Sources */,
				15C0B4BB2EFC8F8600532F0F /* FiLocationManagerle.swift in Sources */,
				153BA5F32F0532E8000D22FD /* MyEventsViewModel.swift in Sources */,
				15A0D79E2EE0626B0063ED79 /* AddStoreScreen.swift in Sources */,
				155C3FFD2F0AEBFC009EEB95 /* AdPlanDetailsView.swift in Sources */,
				153BA6772F06BA1B000D22FD /* IAPProducts.swift in Sources */,
				153BA5EF2F0531DB000D22FD /* CoreEventCategory.swift in Sources */,
			);
			runOnlyForDeploymentPostprocessing = 0;
		};
/* End PBXSourcesBuildPhase section */

/* Begin PBXVariantGroup section */
		156450922F128B9E00D24AD6 /* Localizable.strings */ = {
			isa = PBXVariantGroup;
			children = (
				156450932F128B9E00D24AD6 /* en */,
				1564509A2F1298D000D24AD6 /* ar */,
			);
			name = Localizable.strings;
			sourceTree = "<group>";
		};
/* End PBXVariantGroup section */

/* Begin XCBuildConfiguration section */
		15A0D77C2EE055050063ED79 /* Debug */ = {
			isa = XCBuildConfiguration;
			buildSettings = {
				ALWAYS_SEARCH_USER_PATHS = NO;
				ASSETCATALOG_COMPILER_GENERATE_SWIFT_ASSET_SYMBOL_EXTENSIONS = YES;
				CLANG_ANALYZER_LOCALIZABILITY_NONLOCALIZED = YES;
				CLANG_ANALYZER_NONNULL = YES;
				CLANG_ANALYZER_NUMBER_OBJECT_CONVERSION = YES_AGGRESSIVE;
				CLANG_CXX_LANGUAGE_STANDARD = "gnu++20";
				CLANG_ENABLE_MODULES = YES;
				CLANG_ENABLE_OBJC_ARC = YES;
				CLANG_ENABLE_OBJC_WEAK = YES;
				CLANG_WARN_BLOCK_CAPTURE_AUTORELEASING = YES;
				CLANG_WARN_BOOL_CONVERSION = YES;
				CLANG_WARN_COMMA = YES;
				CLANG_WARN_CONSTANT_CONVERSION = YES;
				CLANG_WARN_DEPRECATED_OBJC_IMPLEMENTATIONS = YES;
				CLANG_WARN_DIRECT_OBJC_ISA_USAGE = YES_ERROR;
				CLANG_WARN_DOCUMENTATION_COMMENTS = YES;
				CLANG_WARN_EMPTY_BODY = YES;
				CLANG_WARN_ENUM_CONVERSION = YES;
				CLANG_WARN_INFINITE_RECURSION = YES;
				CLANG_WARN_INT_CONVERSION = YES;
				CLANG_WARN_NON_LITERAL_NULL_CONVERSION = YES;
				CLANG_WARN_OBJC_IMPLICIT_RETAIN_SELF = YES;
				CLANG_WARN_OBJC_LITERAL_CONVERSION = YES;
				CLANG_WARN_OBJC_ROOT_CLASS = YES_ERROR;
				CLANG_WARN_QUOTED_INCLUDE_IN_FRAMEWORK_HEADER = YES;
				CLANG_WARN_RANGE_LOOP_ANALYSIS = YES;
				CLANG_WARN_STRICT_PROTOTYPES = YES;
				CLANG_WARN_SUSPICIOUS_MOVE = YES;
				CLANG_WARN_UNGUARDED_AVAILABILITY = YES_AGGRESSIVE;
				CLANG_WARN_UNREACHABLE_CODE = YES;
				CLANG_WARN__DUPLICATE_METHOD_MATCH = YES;
				COPY_PHASE_STRIP = NO;
				DEBUG_INFORMATION_FORMAT = dwarf;
				DEVELOPMENT_TEAM = Q839X9CL76;
				ENABLE_STRICT_OBJC_MSGSEND = YES;
				ENABLE_TESTABILITY = YES;
				ENABLE_USER_SCRIPT_SANDBOXING = YES;
				GCC_C_LANGUAGE_STANDARD = gnu17;
				GCC_DYNAMIC_NO_PIC = NO;
				GCC_NO_COMMON_BLOCKS = YES;
				GCC_OPTIMIZATION_LEVEL = 0;
				GCC_PREPROCESSOR_DEFINITIONS = (
					"DEBUG=1",
					"$(inherited)",
				);
				GCC_WARN_64_TO_32_BIT_CONVERSION = YES;
				GCC_WARN_ABOUT_RETURN_TYPE = YES_ERROR;
				GCC_WARN_UNDECLARED_SELECTOR = YES;
				GCC_WARN_UNINITIALIZED_AUTOS = YES_AGGRESSIVE;
				GCC_WARN_UNUSED_FUNCTION = YES;
				GCC_WARN_UNUSED_VARIABLE = YES;
				IPHONEOS_DEPLOYMENT_TARGET = 26.1;
				LOCALIZATION_PREFERS_STRING_CATALOGS = YES;
				MTL_ENABLE_DEBUG_INFO = INCLUDE_SOURCE;
				MTL_FAST_MATH = YES;
				ONLY_ACTIVE_ARCH = YES;
				SDKROOT = iphoneos;
				SWIFT_ACTIVE_COMPILATION_CONDITIONS = "DEBUG $(inherited)";
				SWIFT_OPTIMIZATION_LEVEL = "-Onone";
			};
			name = Debug;
		};
		15A0D77D2EE055050063ED79 /* Release */ = {
			isa = XCBuildConfiguration;
			buildSettings = {
				ALWAYS_SEARCH_USER_PATHS = NO;
				ASSETCATALOG_COMPILER_GENERATE_SWIFT_ASSET_SYMBOL_EXTENSIONS = YES;
				CLANG_ANALYZER_LOCALIZABILITY_NONLOCALIZED = YES;
				CLANG_ANALYZER_NONNULL = YES;
				CLANG_ANALYZER_NUMBER_OBJECT_CONVERSION = YES_AGGRESSIVE;
				CLANG_CXX_LANGUAGE_STANDARD = "gnu++20";
				CLANG_ENABLE_MODULES = YES;
				CLANG_ENABLE_OBJC_ARC = YES;
				CLANG_ENABLE_OBJC_WEAK = YES;
				CLANG_WARN_BLOCK_CAPTURE_AUTORELEASING = YES;
				CLANG_WARN_BOOL_CONVERSION = YES;
				CLANG_WARN_COMMA = YES;
				CLANG_WARN_CONSTANT_CONVERSION = YES;
				CLANG_WARN_DEPRECATED_OBJC_IMPLEMENTATIONS = YES;
				CLANG_WARN_DIRECT_OBJC_ISA_USAGE = YES_ERROR;
				CLANG_WARN_DOCUMENTATION_COMMENTS = YES;
				CLANG_WARN_EMPTY_BODY = YES;
				CLANG_WARN_ENUM_CONVERSION = YES;
				CLANG_WARN_INFINITE_RECURSION = YES;
				CLANG_WARN_INT_CONVERSION = YES;
				CLANG_WARN_NON_LITERAL_NULL_CONVERSION = YES;
				CLANG_WARN_OBJC_IMPLICIT_RETAIN_SELF = YES;
				CLANG_WARN_OBJC_LITERAL_CONVERSION = YES;
				CLANG_WARN_OBJC_ROOT_CLASS = YES_ERROR;
				CLANG_WARN_QUOTED_INCLUDE_IN_FRAMEWORK_HEADER = YES;
				CLANG_WARN_RANGE_LOOP_ANALYSIS = YES;
				CLANG_WARN_STRICT_PROTOTYPES = YES;
				CLANG_WARN_SUSPICIOUS_MOVE = YES;
				CLANG_WARN_UNGUARDED_AVAILABILITY = YES_AGGRESSIVE;
				CLANG_WARN_UNREACHABLE_CODE = YES;
				CLANG_WARN__DUPLICATE_METHOD_MATCH = YES;
				COPY_PHASE_STRIP = NO;
				DEBUG_INFORMATION_FORMAT = "dwarf-with-dsym";
				DEVELOPMENT_TEAM = Q839X9CL76;
				ENABLE_NS_ASSERTIONS = NO;
				ENABLE_STRICT_OBJC_MSGSEND = YES;
				ENABLE_USER_SCRIPT_SANDBOXING = YES;
				GCC_C_LANGUAGE_STANDARD = gnu17;
				GCC_NO_COMMON_BLOCKS = YES;
				GCC_WARN_64_TO_32_BIT_CONVERSION = YES;
				GCC_WARN_ABOUT_RETURN_TYPE = YES_ERROR;
				GCC_WARN_UNDECLARED_SELECTOR = YES;
				GCC_WARN_UNINITIALIZED_AUTOS = YES_AGGRESSIVE;
				GCC_WARN_UNUSED_FUNCTION = YES;
				GCC_WARN_UNUSED_VARIABLE = YES;
				IPHONEOS_DEPLOYMENT_TARGET = 26.1;
				LOCALIZATION_PREFERS_STRING_CATALOGS = YES;
				MTL_ENABLE_DEBUG_INFO = NO;
				MTL_FAST_MATH = YES;
				SDKROOT = iphoneos;
				SWIFT_COMPILATION_MODE = wholemodule;
				VALIDATE_PRODUCT = YES;
			};
			name = Release;
		};
		15A0D77F2EE055050063ED79 /* Debug */ = {
			isa = XCBuildConfiguration;
			buildSettings = {
				ASSETCATALOG_COMPILER_APPICON_NAME = AppIcon;
				ASSETCATALOG_COMPILER_GLOBAL_ACCENT_COLOR_NAME = AccentColor;
				CODE_SIGN_STYLE = Automatic;
				CURRENT_PROJECT_VERSION = 10;
				DEVELOPMENT_ASSET_PATHS = HalalMapPrime/Assets.xcassets;
				DEVELOPMENT_TEAM = Q839X9CL76;
				ENABLE_PREVIEWS = YES;
				GENERATE_INFOPLIST_FILE = YES;
				INFOPLIST_FILE = HalalMapPrime/Info.plist;
				INFOPLIST_KEY_NSLocationWhenInUseUsageDescription = "We use your location to show nearby halal places and jobs.";
				INFOPLIST_KEY_UIApplicationSceneManifest_Generation = YES;
				INFOPLIST_KEY_UIApplicationSupportsIndirectInputEvents = YES;
				INFOPLIST_KEY_UILaunchScreen_Generation = YES;
				INFOPLIST_KEY_UISupportedInterfaceOrientations_iPad = "UIInterfaceOrientationPortrait UIInterfaceOrientationPortraitUpsideDown UIInterfaceOrientationLandscapeLeft UIInterfaceOrientationLandscapeRight";
				INFOPLIST_KEY_UISupportedInterfaceOrientations_iPhone = "UIInterfaceOrientationPortrait UIInterfaceOrientationLandscapeLeft UIInterfaceOrientationLandscapeRight";
				LD_RUNPATH_SEARCH_PATHS = (
					"$(inherited)",
					"@executable_path/Frameworks",
				);
				MARKETING_VERSION = 1.0;
				PRODUCT_BUNDLE_IDENTIFIER = com.HMP.Zaid;
				PRODUCT_NAME = "$(TARGET_NAME)";
				STRING_CATALOG_GENERATE_SYMBOLS = YES;
				SWIFT_APPROACHABLE_CONCURRENCY = YES;
				SWIFT_DEFAULT_ACTOR_ISOLATION = MainActor;
				SWIFT_EMIT_LOC_STRINGS = YES;
				SWIFT_UPCOMING_FEATURE_MEMBER_IMPORT_VISIBILITY = YES;
				SWIFT_VERSION = 5.0;
				TARGETED_DEVICE_FAMILY = "1,2";
				VERSIONING_SYSTEM = "apple-generic";
			};
			name = Debug;
		};
		15A0D7802EE055050063ED79 /* Release */ = {
			isa = XCBuildConfiguration;
			buildSettings = {
				ASSETCATALOG_COMPILER_APPICON_NAME = AppIcon;
				ASSETCATALOG_COMPILER_GLOBAL_ACCENT_COLOR_NAME = AccentColor;
				CODE_SIGN_STYLE = Automatic;
				CURRENT_PROJECT_VERSION = 10;
				DEVELOPMENT_ASSET_PATHS = HalalMapPrime/Assets.xcassets;
				DEVELOPMENT_TEAM = Q839X9CL76;
				ENABLE_PREVIEWS = YES;
				GENERATE_INFOPLIST_FILE = YES;
				INFOPLIST_FILE = HalalMapPrime/Info.plist;
				INFOPLIST_KEY_NSLocationWhenInUseUsageDescription = "We use your location to show nearby halal places and jobs.";
				INFOPLIST_KEY_UIApplicationSceneManifest_Generation = YES;
				INFOPLIST_KEY_UIApplicationSupportsIndirectInputEvents = YES;
				INFOPLIST_KEY_UILaunchScreen_Generation = YES;
				INFOPLIST_KEY_UISupportedInterfaceOrientations_iPad = "UIInterfaceOrientationPortrait UIInterfaceOrientationPortraitUpsideDown UIInterfaceOrientationLandscapeLeft UIInterfaceOrientationLandscapeRight";
				INFOPLIST_KEY_UISupportedInterfaceOrientations_iPhone = "UIInterfaceOrientationPortrait UIInterfaceOrientationLandscapeLeft UIInterfaceOrientationLandscapeRight";
				LD_RUNPATH_SEARCH_PATHS = (
					"$(inherited)",
					"@executable_path/Frameworks",
				);
				MARKETING_VERSION = 1.0;
				PRODUCT_BUNDLE_IDENTIFIER = com.HMP.Zaid;
				PRODUCT_NAME = "$(TARGET_NAME)";
				STRING_CATALOG_GENERATE_SYMBOLS = YES;
				SWIFT_APPROACHABLE_CONCURRENCY = YES;
				SWIFT_DEFAULT_ACTOR_ISOLATION = MainActor;
				SWIFT_EMIT_LOC_STRINGS = YES;
				SWIFT_UPCOMING_FEATURE_MEMBER_IMPORT_VISIBILITY = YES;
				SWIFT_VERSION = 5.0;
				TARGETED_DEVICE_FAMILY = "1,2";
				VERSIONING_SYSTEM = "apple-generic";
			};
			name = Release;
		};
/* End XCBuildConfiguration section */

/* Begin XCConfigurationList section */
		15A0D76E2EE055040063ED79 /* Build configuration list for PBXProject "HalalMapPrime" */ = {
			isa = XCConfigurationList;
			buildConfigurations = (
				15A0D77C2EE055050063ED79 /* Debug */,
				15A0D77D2EE055050063ED79 /* Release */,
			);
			defaultConfigurationIsVisible = 0;
			defaultConfigurationName = Release;
		};
		15A0D77E2EE055050063ED79 /* Build configuration list for PBXNativeTarget "HalalMapPrime" */ = {
			isa = XCConfigurationList;
			buildConfigurations = (
				15A0D77F2EE055050063ED79 /* Debug */,
				15A0D7802EE055050063ED79 /* Release */,
			);
			defaultConfigurationIsVisible = 0;
			defaultConfigurationName = Release;
		};
/* End XCConfigurationList section */

/* Begin XCRemoteSwiftPackageReference section */
		15B48CDD2EE1B2A600A88AB7 /* XCRemoteSwiftPackageReference "firebase-ios-sdk" */ = {
			isa = XCRemoteSwiftPackageReference;
			repositoryURL = "https://github.com/firebase/firebase-ios-sdk.git";
			requirement = {
				kind = upToNextMajorVersion;
				minimumVersion = 12.6.0;
			};
		};
/* End XCRemoteSwiftPackageReference section */

/* Begin XCSwiftPackageProductDependency section */
		15B48CDE2EE1B2A600A88AB7 /* FirebaseAnalytics */ = {
			isa = XCSwiftPackageProductDependency;
			package = 15B48CDD2EE1B2A600A88AB7 /* XCRemoteSwiftPackageReference "firebase-ios-sdk" */;
			productName = FirebaseAnalytics;
		};
		15B48CE02EE1B2A600A88AB7 /* FirebaseAnalyticsCore */ = {
			isa = XCSwiftPackageProductDependency;
			package = 15B48CDD2EE1B2A600A88AB7 /* XCRemoteSwiftPackageReference "firebase-ios-sdk" */;
			productName = FirebaseAnalyticsCore;
		};
		15B48CE22EE1B2A600A88AB7 /* FirebaseAuth */ = {
			isa = XCSwiftPackageProductDependency;
			package = 15B48CDD2EE1B2A600A88AB7 /* XCRemoteSwiftPackageReference "firebase-ios-sdk" */;
			productName = FirebaseAuth;
		};
		15B48CE42EE1B2A600A88AB7 /* FirebaseCore */ = {
			isa = XCSwiftPackageProductDependency;
			package = 15B48CDD2EE1B2A600A88AB7 /* XCRemoteSwiftPackageReference "firebase-ios-sdk" */;
			productName = FirebaseCore;
		};
		15B48CE62EE1B2A600A88AB7 /* FirebaseCrashlytics */ = {
			isa = XCSwiftPackageProductDependency;
			package = 15B48CDD2EE1B2A600A88AB7 /* XCRemoteSwiftPackageReference "firebase-ios-sdk" */;
			productName = FirebaseCrashlytics;
		};
		15B48CE82EE1B2A600A88AB7 /* FirebaseFirestore */ = {
			isa = XCSwiftPackageProductDependency;
			package = 15B48CDD2EE1B2A600A88AB7 /* XCRemoteSwiftPackageReference "firebase-ios-sdk" */;
			productName = FirebaseFirestore;
		};
		15B48CEA2EE1B2A600A88AB7 /* FirebaseMessaging */ = {
			isa = XCSwiftPackageProductDependency;
			package = 15B48CDD2EE1B2A600A88AB7 /* XCRemoteSwiftPackageReference "firebase-ios-sdk" */;
			productName = FirebaseMessaging;
		};
		15B48CEC2EE1B2A600A88AB7 /* FirebaseStorage */ = {
			isa = XCSwiftPackageProductDependency;
			package = 15B48CDD2EE1B2A600A88AB7 /* XCRemoteSwiftPackageReference "firebase-ios-sdk" */;
			productName = FirebaseStorage;
		};
/* End XCSwiftPackageProductDependency section */
	};
	rootObject = 15A0D76B2EE055040063ED79 /* Project object */;
}
